// !$*UTF8*$!
{
	archiveVersion = 1;
	classes = {
	};
	objectVersion = 56;
	objects = {

/* Begin PBXBuildFile section */
		861CA7232D26A1DB00506F15 /* ImageExtension.swift in Sources */ = {isa = PBXBuildFile; fileRef = 861CA7222D26A1DB00506F15 /* ImageExtension.swift */; };
		866C2D462CCB5C760057C80E /* AppDelegate.swift in Sources */ = {isa = PBXBuildFile; fileRef = 866C2D452CCB5C760057C80E /* AppDelegate.swift */; };
		866C2D482CCB5C760057C80E /* SceneDelegate.swift in Sources */ = {isa = PBXBuildFile; fileRef = 866C2D472CCB5C760057C80E /* SceneDelegate.swift */; };
		866C2D502CCB5C760057C80E /* MrSunshisjournal.xcdatamodeld in Sources */ = {isa = PBXBuildFile; fileRef = 866C2D4E2CCB5C760057C80E /* MrSunshisjournal.xcdatamodeld */; };
		866C2D522CCB5C790057C80E /* Assets.xcassets in Resources */ = {isa = PBXBuildFile; fileRef = 866C2D512CCB5C790057C80E /* Assets.xcassets */; };
		866C2D5E2CCB5CB80057C80E /* WebKit.framework in Frameworks */ = {isa = PBXBuildFile; fileRef = 866C2D5D2CCB5CB70057C80E /* WebKit.framework */; };
		866C2D602CCB5CC70057C80E /* Network.framework in Frameworks */ = {isa = PBXBuildFile; fileRef = 866C2D5F2CCB5CC60057C80E /* Network.framework */; };
		866C2D652CCB78950057C80E /* DataManager.swift in Sources */ = {isa = PBXBuildFile; fileRef = 866C2D642CCB78950057C80E /* DataManager.swift */; };
		866C2D6D2CCBB2390057C80E /* CheckboxButton.swift in Sources */ = {isa = PBXBuildFile; fileRef = 866C2D6C2CCBB2390057C80E /* CheckboxButton.swift */; };
		866C2D6F2CCBB6850057C80E /* CircularButton.swift in Sources */ = {isa = PBXBuildFile; fileRef = 866C2D6E2CCBB6850057C80E /* CircularButton.swift */; };
		86CA9EC02D3B2A7000E4E41B /* NotificacionCell.swift in Sources */ = {isa = PBXBuildFile; fileRef = 86CA9EBC2D3B2A7000E4E41B /* NotificacionCell.swift */; };
		86CA9EC12D3B2A7000E4E41B /* MascotaCell.swift in Sources */ = {isa = PBXBuildFile; fileRef = 86CA9EBD2D3B2A7000E4E41B /* MascotaCell.swift */; };
		86CA9EC22D3B2A7000E4E41B /* ActividadCell.swift in Sources */ = {isa = PBXBuildFile; fileRef = 86CA9EBE2D3B2A7000E4E41B /* ActividadCell.swift */; };
		86CA9EC32D3B2A7000E4E41B /* HabitatColCell.swift in Sources */ = {isa = PBXBuildFile; fileRef = 86CA9EBF2D3B2A7000E4E41B /* HabitatColCell.swift */; };
		86CA9ED52D3B2ABC00E4E41B /* ProfileVC.swift in Sources */ = {isa = PBXBuildFile; fileRef = 86CA9EC62D3B2ABC00E4E41B /* ProfileVC.swift */; };
		86CA9ED62D3B2ABC00E4E41B /* NavHistoryController.swift in Sources */ = {isa = PBXBuildFile; fileRef = 86CA9EC72D3B2ABC00E4E41B /* NavHistoryController.swift */; };
		86CA9ED72D3B2ABC00E4E41B /* NotificationsVC.swift in Sources */ = {isa = PBXBuildFile; fileRef = 86CA9EC82D3B2ABC00E4E41B /* NotificationsVC.swift */; };
		86CA9ED82D3B2ABC00E4E41B /* HistoryVC.swift in Sources */ = {isa = PBXBuildFile; fileRef = 86CA9EC92D3B2ABC00E4E41B /* HistoryVC.swift */; };
		86CA9ED92D3B2ABC00E4E41B /* AddMascotaVC.swift in Sources */ = {isa = PBXBuildFile; fileRef = 86CA9ECA2D3B2ABC00E4E41B /* AddMascotaVC.swift */; };
		86CA9EDA2D3B2ABC00E4E41B /* NewNotificationVC.swift in Sources */ = {isa = PBXBuildFile; fileRef = 86CA9ECB2D3B2ABC00E4E41B /* NewNotificationVC.swift */; };
		86CA9EDB2D3B2ABC00E4E41B /* NavNotificationsController.swift in Sources */ = {isa = PBXBuildFile; fileRef = 86CA9ECC2D3B2ABC00E4E41B /* NavNotificationsController.swift */; };
		86CA9EDC2D3B2ABC00E4E41B /* HomeVC.swift in Sources */ = {isa = PBXBuildFile; fileRef = 86CA9ECD2D3B2ABC00E4E41B /* HomeVC.swift */; };
		86CA9EDD2D3B2ABC00E4E41B /* AddHabitatVC.swift in Sources */ = {isa = PBXBuildFile; fileRef = 86CA9ECE2D3B2ABC00E4E41B /* AddHabitatVC.swift */; };
		86CA9EDE2D3B2ABC00E4E41B /* AddActividadVC.swift in Sources */ = {isa = PBXBuildFile; fileRef = 86CA9ECF2D3B2ABC00E4E41B /* AddActividadVC.swift */; };
		86CA9EDF2D3B2ABC00E4E41B /* TbMainController.swift in Sources */ = {isa = PBXBuildFile; fileRef = 86CA9ED02D3B2ABC00E4E41B /* TbMainController.swift */; };
		86CA9EE02D3B2ABC00E4E41B /* NavHomeController.swift in Sources */ = {isa = PBXBuildFile; fileRef = 86CA9ED12D3B2ABC00E4E41B /* NavHomeController.swift */; };
		86CA9EE12D3B2ABC00E4E41B /* NavProfileController.swift in Sources */ = {isa = PBXBuildFile; fileRef = 86CA9ED22D3B2ABC00E4E41B /* NavProfileController.swift */; };
		86CA9EED2D3B2B4F00E4E41B /* Localizable.strings in Resources */ = {isa = PBXBuildFile; fileRef = 86CA9EE52D3B2B4F00E4E41B /* Localizable.strings */; };
		86CA9EEE2D3B2B4F00E4E41B /* LocalizableES.strings in Resources */ = {isa = PBXBuildFile; fileRef = 86CA9EE72D3B2B4F00E4E41B /* LocalizableES.strings */; };
		86CA9EFB2D3B2B5900E4E41B /* LaunchScreen.strings in Resources */ = {isa = PBXBuildFile; fileRef = 86CA9EF22D3B2B5900E4E41B /* LaunchScreen.strings */; };
		86CA9EFC2D3B2B5900E4E41B /* Main.strings in Resources */ = {isa = PBXBuildFile; fileRef = 86CA9EF42D3B2B5900E4E41B /* Main.strings */; };
		86CA9EFD2D3B2B5900E4E41B /* ConfigViewCellasas.swift in Sources */ = {isa = PBXBuildFile; fileRef = 86CA9EF62D3B2B5900E4E41B /* ConfigViewCellasas.swift */; };
		86CA9EFE2D3B2B5900E4E41B /* LaunchScreen.storyboard in Resources */ = {isa = PBXBuildFile; fileRef = 86CA9EF72D3B2B5900E4E41B /* LaunchScreen.storyboard */; };
		86CA9EFF2D3B2B5900E4E41B /* Main.storyboard in Resources */ = {isa = PBXBuildFile; fileRef = 86CA9EF92D3B2B5900E4E41B /* Main.storyboard */; };
		86CA9F042D3B2B6B00E4E41B /* Date+Extension.swift in Sources */ = {isa = PBXBuildFile; fileRef = 86CA9F012D3B2B6B00E4E41B /* Date+Extension.swift */; };
		86CA9F052D3B2B6B00E4E41B /* ThemeManager.swift in Sources */ = {isa = PBXBuildFile; fileRef = 86CA9F022D3B2B6B00E4E41B /* ThemeManager.swift */; };
		86CA9F062D3B2B6B00E4E41B /* UIViewController+Extension.swift in Sources */ = {isa = PBXBuildFile; fileRef = 86CA9F032D3B2B6B00E4E41B /* UIViewController+Extension.swift */; };
		86CA9F112D3B2B7800E4E41B /* cuyoscaredb.xcdatamodeld in Sources */ = {isa = PBXBuildFile; fileRef = 86CA9F082D3B2B7800E4E41B /* cuyoscaredb.xcdatamodeld */; };
		86CA9F122D3B2B7800E4E41B /* CoreDataHelper.swift in Sources */ = {isa = PBXBuildFile; fileRef = 86CA9F0A2D3B2B7800E4E41B /* CoreDataHelper.swift */; };
		86CA9F132D3B2B7800E4E41B /* HabitatManager.swift in Sources */ = {isa = PBXBuildFile; fileRef = 86CA9F0C2D3B2B7800E4E41B /* HabitatManager.swift */; };
		86CA9F142D3B2B7800E4E41B /* ActividadManager.swift in Sources */ = {isa = PBXBuildFile; fileRef = 86CA9F0D2D3B2B7800E4E41B /* ActividadManager.swift */; };
		86CA9F152D3B2B7800E4E41B /* MascotaManager.swift in Sources */ = {isa = PBXBuildFile; fileRef = 86CA9F0E2D3B2B7800E4E41B /* MascotaManager.swift */; };
		86CA9F162D3B2B7800E4E41B /* NotificacionManager.swift in Sources */ = {isa = PBXBuildFile; fileRef = 86CA9F0F2D3B2B7800E4E41B /* NotificacionManager.swift */; };
		86CA9F172D3B2B7800E4E41B /* UsuarioManager.swift in Sources */ = {isa = PBXBuildFile; fileRef = 86CA9F102D3B2B7800E4E41B /* UsuarioManager.swift */; };
		86CA9F192D3B2B8300E4E41B /* Colors.xcassets in Resources */ = {isa = PBXBuildFile; fileRef = 86CA9F182D3B2B8300E4E41B /* Colors.xcassets */; };
		86CA9F1E2D3B2E8B00E4E41B /* ActionSheetPicker-3.0 in Frameworks */ = {isa = PBXBuildFile; productRef = 86CA9F1D2D3B2E8B00E4E41B /* ActionSheetPicker-3.0 */; };
		86D4CF022D12A15C00223EFC /* ConfigModels.swift in Sources */ = {isa = PBXBuildFile; fileRef = 86D4CF012D12A15C00223EFC /* ConfigModels.swift */; };
		86D4CF1A2D13D0DD00223EFC /* StringExtension.swift in Sources */ = {isa = PBXBuildFile; fileRef = 86D4CF192D13D0DD00223EFC /* StringExtension.swift */; };
		86D4CF282D16B0EF00223EFC /* FSCalendar in Frameworks */ = {isa = PBXBuildFile; productRef = 86D4CF272D16B0EF00223EFC /* FSCalendar */; };
		86D4D0052D18177100223EFC /* CoreData.framework in Frameworks */ = {isa = PBXBuildFile; fileRef = 86D4D0042D18177000223EFC /* CoreData.framework */; };
		86D4D0562D18214A00223EFC /* JournalModel.xcdatamodeld in Sources */ = {isa = PBXBuildFile; fileRef = 86D4D0542D18214A00223EFC /* JournalModel.xcdatamodeld */; };
/* End PBXBuildFile section */

/* Begin PBXFileReference section */
		861CA7222D26A1DB00506F15 /* ImageExtension.swift */ = {isa = PBXFileReference; lastKnownFileType = sourcecode.swift; path = ImageExtension.swift; sourceTree = "<group>"; };
		866C2D422CCB5C760057C80E /* MrSunshisjournal.app */ = {isa = PBXFileReference; explicitFileType = wrapper.application; includeInIndex = 0; path = MrSunshisjournal.app; sourceTree = BUILT_PRODUCTS_DIR; };
		866C2D452CCB5C760057C80E /* AppDelegate.swift */ = {isa = PBXFileReference; lastKnownFileType = sourcecode.swift; path = AppDelegate.swift; sourceTree = "<group>"; };
		866C2D472CCB5C760057C80E /* SceneDelegate.swift */ = {isa = PBXFileReference; lastKnownFileType = sourcecode.swift; path = SceneDelegate.swift; sourceTree = "<group>"; };
		866C2D4F2CCB5C760057C80E /* MrSunshisjournal.xcdatamodel */ = {isa = PBXFileReference; lastKnownFileType = wrapper.xcdatamodel; path = MrSunshisjournal.xcdatamodel; sourceTree = "<group>"; };
		866C2D512CCB5C790057C80E /* Assets.xcassets */ = {isa = PBXFileReference; lastKnownFileType = folder.assetcatalog; path = Assets.xcassets; sourceTree = "<group>"; };
		866C2D562CCB5C790057C80E /* Info.plist */ = {isa = PBXFileReference; lastKnownFileType = text.plist.xml; path = Info.plist; sourceTree = "<group>"; };
		866C2D5D2CCB5CB70057C80E /* WebKit.framework */ = {isa = PBXFileReference; lastKnownFileType = wrapper.framework; name = WebKit.framework; path = System/Library/Frameworks/WebKit.framework; sourceTree = SDKROOT; };
		866C2D5F2CCB5CC60057C80E /* Network.framework */ = {isa = PBXFileReference; lastKnownFileType = wrapper.framework; name = Network.framework; path = System/Library/Frameworks/Network.framework; sourceTree = SDKROOT; };
		866C2D642CCB78950057C80E /* DataManager.swift */ = {isa = PBXFileReference; lastKnownFileType = sourcecode.swift; path = DataManager.swift; sourceTree = "<group>"; };
		866C2D6C2CCBB2390057C80E /* CheckboxButton.swift */ = {isa = PBXFileReference; lastKnownFileType = sourcecode.swift; path = CheckboxButton.swift; sourceTree = "<group>"; };
		866C2D6E2CCBB6850057C80E /* CircularButton.swift */ = {isa = PBXFileReference; lastKnownFileType = sourcecode.swift; path = CircularButton.swift; sourceTree = "<group>"; };
		86CA9EB82D3B292600E4E41B /* Localizable.stringsdict */ = {isa = PBXFileReference; lastKnownFileType = text.plist.stringsdict; name = Localizable.stringsdict; path = ../../../../asd/Archivo/Localization/Localizable.stringsdict; sourceTree = "<group>"; };
		86CA9EBC2D3B2A7000E4E41B /* NotificacionCell.swift */ = {isa = PBXFileReference; fileEncoding = 4; lastKnownFileType = sourcecode.swift; path = NotificacionCell.swift; sourceTree = "<group>"; };
		86CA9EBD2D3B2A7000E4E41B /* MascotaCell.swift */ = {isa = PBXFileReference; fileEncoding = 4; lastKnownFileType = sourcecode.swift; path = MascotaCell.swift; sourceTree = "<group>"; };
		86CA9EBE2D3B2A7000E4E41B /* ActividadCell.swift */ = {isa = PBXFileReference; fileEncoding = 4; lastKnownFileType = sourcecode.swift; path = ActividadCell.swift; sourceTree = "<group>"; };
		86CA9EBF2D3B2A7000E4E41B /* HabitatColCell.swift */ = {isa = PBXFileReference; fileEncoding = 4; lastKnownFileType = sourcecode.swift; path = HabitatColCell.swift; sourceTree = "<group>"; };
		86CA9EC62D3B2ABC00E4E41B /* ProfileVC.swift */ = {isa = PBXFileReference; fileEncoding = 4; lastKnownFileType = sourcecode.swift; path = ProfileVC.swift; sourceTree = "<group>"; };
		86CA9EC72D3B2ABC00E4E41B /* NavHistoryController.swift */ = {isa = PBXFileReference; fileEncoding = 4; lastKnownFileType = sourcecode.swift; path = NavHistoryController.swift; sourceTree = "<group>"; };
		86CA9EC82D3B2ABC00E4E41B /* NotificationsVC.swift */ = {isa = PBXFileReference; fileEncoding = 4; lastKnownFileType = sourcecode.swift; path = NotificationsVC.swift; sourceTree = "<group>"; };
		86CA9EC92D3B2ABC00E4E41B /* HistoryVC.swift */ = {isa = PBXFileReference; fileEncoding = 4; lastKnownFileType = sourcecode.swift; path = HistoryVC.swift; sourceTree = "<group>"; };
		86CA9ECA2D3B2ABC00E4E41B /* AddMascotaVC.swift */ = {isa = PBXFileReference; fileEncoding = 4; lastKnownFileType = sourcecode.swift; path = AddMascotaVC.swift; sourceTree = "<group>"; };
		86CA9ECB2D3B2ABC00E4E41B /* NewNotificationVC.swift */ = {isa = PBXFileReference; fileEncoding = 4; lastKnownFileType = sourcecode.swift; path = NewNotificationVC.swift; sourceTree = "<group>"; };
		86CA9ECC2D3B2ABC00E4E41B /* NavNotificationsController.swift */ = {isa = PBXFileReference; fileEncoding = 4; lastKnownFileType = sourcecode.swift; path = NavNotificationsController.swift; sourceTree = "<group>"; };
		86CA9ECD2D3B2ABC00E4E41B /* HomeVC.swift */ = {isa = PBXFileReference; fileEncoding = 4; lastKnownFileType = sourcecode.swift; path = HomeVC.swift; sourceTree = "<group>"; };
		86CA9ECE2D3B2ABC00E4E41B /* AddHabitatVC.swift */ = {isa = PBXFileReference; fileEncoding = 4; lastKnownFileType = sourcecode.swift; path = AddHabitatVC.swift; sourceTree = "<group>"; };
		86CA9ECF2D3B2ABC00E4E41B /* AddActividadVC.swift */ = {isa = PBXFileReference; fileEncoding = 4; lastKnownFileType = sourcecode.swift; path = AddActividadVC.swift; sourceTree = "<group>"; };
		86CA9ED02D3B2ABC00E4E41B /* TbMainController.swift */ = {isa = PBXFileReference; fileEncoding = 4; lastKnownFileType = sourcecode.swift; path = TbMainController.swift; sourceTree = "<group>"; };
		86CA9ED12D3B2ABC00E4E41B /* NavHomeController.swift */ = {isa = PBXFileReference; fileEncoding = 4; lastKnownFileType = sourcecode.swift; path = NavHomeController.swift; sourceTree = "<group>"; };
		86CA9ED22D3B2ABC00E4E41B /* NavProfileController.swift */ = {isa = PBXFileReference; fileEncoding = 4; lastKnownFileType = sourcecode.swift; path = NavProfileController.swift; sourceTree = "<group>"; };
		86CA9EE62D3B2B4F00E4E41B /* en */ = {isa = PBXFileReference; lastKnownFileType = text.plist.strings; name = en; path = en.lproj/Localizable.strings; sourceTree = "<group>"; };
		86CA9EE82D3B2B4F00E4E41B /* en */ = {isa = PBXFileReference; lastKnownFileType = text.plist.strings; name = en; path = en.lproj/LocalizableES.strings; sourceTree = "<group>"; };
		86CA9EF32D3B2B5900E4E41B /* es-419 */ = {isa = PBXFileReference; lastKnownFileType = text.plist.strings; name = "es-419"; path = "es-419.lproj/LaunchScreen.strings"; sourceTree = "<group>"; };
		86CA9EF52D3B2B5900E4E41B /* es-419 */ = {isa = PBXFileReference; lastKnownFileType = text.plist.strings; name = "es-419"; path = "es-419.lproj/Main.strings"; sourceTree = "<group>"; };
		86CA9EF62D3B2B5900E4E41B /* ConfigViewCellasas.swift */ = {isa = PBXFileReference; fileEncoding = 4; lastKnownFileType = sourcecode.swift; name = ConfigViewCellasas.swift; path = ../../asd/View/ConfigViewCellasas.swift; sourceTree = "<group>"; };
		86CA9EF82D3B2B5900E4E41B /* Base */ = {isa = PBXFileReference; lastKnownFileType = file.storyboard; name = Base; path = Base.lproj/LaunchScreen.storyboard; sourceTree = "<group>"; };
		86CA9EFA2D3B2B5900E4E41B /* Base */ = {isa = PBXFileReference; lastKnownFileType = file.storyboard; name = Base; path = Base.lproj/Main.storyboard; sourceTree = "<group>"; };
		86CA9F012D3B2B6B00E4E41B /* Date+Extension.swift */ = {isa = PBXFileReference; fileEncoding = 4; lastKnownFileType = sourcecode.swift; path = "Date+Extension.swift"; sourceTree = "<group>"; };
		86CA9F022D3B2B6B00E4E41B /* ThemeManager.swift */ = {isa = PBXFileReference; fileEncoding = 4; lastKnownFileType = sourcecode.swift; path = ThemeManager.swift; sourceTree = "<group>"; };
		86CA9F032D3B2B6B00E4E41B /* UIViewController+Extension.swift */ = {isa = PBXFileReference; fileEncoding = 4; lastKnownFileType = sourcecode.swift; path = "UIViewController+Extension.swift"; sourceTree = "<group>"; };
		86CA9F092D3B2B7800E4E41B /* cuyoscaredb.xcdatamodel */ = {isa = PBXFileReference; lastKnownFileType = wrapper.xcdatamodel; path = cuyoscaredb.xcdatamodel; sourceTree = "<group>"; };
		86CA9F0A2D3B2B7800E4E41B /* CoreDataHelper.swift */ = {isa = PBXFileReference; fileEncoding = 4; lastKnownFileType = sourcecode.swift; path = CoreDataHelper.swift; sourceTree = "<group>"; };
		86CA9F0C2D3B2B7800E4E41B /* HabitatManager.swift */ = {isa = PBXFileReference; fileEncoding = 4; lastKnownFileType = sourcecode.swift; path = HabitatManager.swift; sourceTree = "<group>"; };
		86CA9F0D2D3B2B7800E4E41B /* ActividadManager.swift */ = {isa = PBXFileReference; fileEncoding = 4; lastKnownFileType = sourcecode.swift; path = ActividadManager.swift; sourceTree = "<group>"; };
		86CA9F0E2D3B2B7800E4E41B /* MascotaManager.swift */ = {isa = PBXFileReference; fileEncoding = 4; lastKnownFileType = sourcecode.swift; path = MascotaManager.swift; sourceTree = "<group>"; };
		86CA9F0F2D3B2B7800E4E41B /* NotificacionManager.swift */ = {isa = PBXFileReference; fileEncoding = 4; lastKnownFileType = sourcecode.swift; path = NotificacionManager.swift; sourceTree = "<group>"; };
		86CA9F102D3B2B7800E4E41B /* UsuarioManager.swift */ = {isa = PBXFileReference; fileEncoding = 4; lastKnownFileType = sourcecode.swift; path = UsuarioManager.swift; sourceTree = "<group>"; };
		86CA9F182D3B2B8300E4E41B /* Colors.xcassets */ = {isa = PBXFileReference; lastKnownFileType = folder.assetcatalog; path = Colors.xcassets; sourceTree = "<group>"; };
		86D4CF012D12A15C00223EFC /* ConfigModels.swift */ = {isa = PBXFileReference; lastKnownFileType = sourcecode.swift; path = ConfigModels.swift; sourceTree = "<group>"; };
		86D4CF192D13D0DD00223EFC /* StringExtension.swift */ = {isa = PBXFileReference; lastKnownFileType = sourcecode.swift; path = StringExtension.swift; sourceTree = "<group>"; };
		86D4D0042D18177000223EFC /* CoreData.framework */ = {isa = PBXFileReference; lastKnownFileType = wrapper.framework; name = CoreData.framework; path = System/Library/Frameworks/CoreData.framework; sourceTree = SDKROOT; };
		86D4D0552D18214A00223EFC /* JournalModel.xcdatamodel */ = {isa = PBXFileReference; lastKnownFileType = wrapper.xcdatamodel; path = JournalModel.xcdatamodel; sourceTree = "<group>"; };
/* End PBXFileReference section */

/* Begin PBXFrameworksBuildPhase section */
		866C2D3F2CCB5C750057C80E /* Frameworks */ = {
			isa = PBXFrameworksBuildPhase;
			buildActionMask = 2147483647;
			files = (
				866C2D5E2CCB5CB80057C80E /* WebKit.framework in Frameworks */,
				86CA9F1E2D3B2E8B00E4E41B /* ActionSheetPicker-3.0 in Frameworks */,
				86D4D0052D18177100223EFC /* CoreData.framework in Frameworks */,
				86D4CF282D16B0EF00223EFC /* FSCalendar in Frameworks */,
				866C2D602CCB5CC70057C80E /* Network.framework in Frameworks */,
			);
			runOnlyForDeploymentPostprocessing = 0;
		};
/* End PBXFrameworksBuildPhase section */

/* Begin PBXGroup section */
		866C2D392CCB5C750057C80E = {
			isa = PBXGroup;
			children = (
				866C2D442CCB5C760057C80E /* MrSunshisjournal */,
				866C2D432CCB5C760057C80E /* Products */,
				866C2D5C2CCB5CB50057C80E /* Frameworks */,
			);
			sourceTree = "<group>";
		};
		866C2D432CCB5C760057C80E /* Products */ = {
			isa = PBXGroup;
			children = (
				866C2D422CCB5C760057C80E /* MrSunshisjournal.app */,
			);
			name = Products;
			sourceTree = "<group>";
		};
		866C2D442CCB5C760057C80E /* MrSunshisjournal */ = {
			isa = PBXGroup;
			children = (
				86CA9F072D3B2B7800E4E41B /* CoreDatabase */,
				86CA9EBB2D3B2A7000E4E41B /* Cells */,
				866C2D612CCB5CE90057C80E /* Controller */,
				866C2D632CCB5CFE0057C80E /* View */,
				866C2D622CCB5CF60057C80E /* Model */,
				86D4CF0D2D13A37B00223EFC /* Localization */,
				86D4CF182D13CFF900223EFC /* Extensions */,
				866C2D512CCB5C790057C80E /* Assets.xcassets */,
				86CA9F182D3B2B8300E4E41B /* Colors.xcassets */,
				866C2D562CCB5C790057C80E /* Info.plist */,
			);
			path = MrSunshisjournal;
			sourceTree = "<group>";
		};
		866C2D5C2CCB5CB50057C80E /* Frameworks */ = {
			isa = PBXGroup;
			children = (
				86D4D0042D18177000223EFC /* CoreData.framework */,
				866C2D5F2CCB5CC60057C80E /* Network.framework */,
				866C2D5D2CCB5CB70057C80E /* WebKit.framework */,
			);
			name = Frameworks;
			sourceTree = "<group>";
		};
		866C2D612CCB5CE90057C80E /* Controller */ = {
			isa = PBXGroup;
			children = (
				86CA9EC52D3B2ABC00E4E41B /* VC */,
				866C2D452CCB5C760057C80E /* AppDelegate.swift */,
				866C2D472CCB5C760057C80E /* SceneDelegate.swift */,
				866C2D642CCB78950057C80E /* DataManager.swift */,
			);
			path = Controller;
			sourceTree = "<group>";
		};
		866C2D622CCB5CF60057C80E /* Model */ = {
			isa = PBXGroup;
			children = (
				86CA9EE52D3B2B4F00E4E41B /* Localizable.strings */,
				86CA9EE72D3B2B4F00E4E41B /* LocalizableES.strings */,
				866C2D4E2CCB5C760057C80E /* MrSunshisjournal.xcdatamodeld */,
				86D4CF012D12A15C00223EFC /* ConfigModels.swift */,
				86D4D0542D18214A00223EFC /* JournalModel.xcdatamodeld */,
			);
			path = Model;
			sourceTree = "<group>";
		};
		866C2D632CCB5CFE0057C80E /* View */ = {
			isa = PBXGroup;
			children = (
				86CA9EF72D3B2B5900E4E41B /* LaunchScreen.storyboard */,
				86CA9EF22D3B2B5900E4E41B /* LaunchScreen.strings */,
				86CA9EF92D3B2B5900E4E41B /* Main.storyboard */,
				86CA9EF42D3B2B5900E4E41B /* Main.strings */,
				86CA9EF62D3B2B5900E4E41B /* ConfigViewCellasas.swift */,
				866C2D6E2CCBB6850057C80E /* CircularButton.swift */,
				866C2D6C2CCBB2390057C80E /* CheckboxButton.swift */,
			);
			path = View;
			sourceTree = "<group>";
		};
		86CA9EBB2D3B2A7000E4E41B /* Cells */ = {
			isa = PBXGroup;
			children = (
				86CA9EBC2D3B2A7000E4E41B /* NotificacionCell.swift */,
				86CA9EBD2D3B2A7000E4E41B /* MascotaCell.swift */,
				86CA9EBE2D3B2A7000E4E41B /* ActividadCell.swift */,
				86CA9EBF2D3B2A7000E4E41B /* HabitatColCell.swift */,
			);
			path = Cells;
			sourceTree = "<group>";
		};
		86CA9EC52D3B2ABC00E4E41B /* VC */ = {
			isa = PBXGroup;
			children = (
				86CA9EC62D3B2ABC00E4E41B /* ProfileVC.swift */,
				86CA9EC72D3B2ABC00E4E41B /* NavHistoryController.swift */,
				86CA9EC82D3B2ABC00E4E41B /* NotificationsVC.swift */,
				86CA9EC92D3B2ABC00E4E41B /* HistoryVC.swift */,
				86CA9ECA2D3B2ABC00E4E41B /* AddMascotaVC.swift */,
				86CA9ECB2D3B2ABC00E4E41B /* NewNotificationVC.swift */,
				86CA9ECC2D3B2ABC00E4E41B /* NavNotificationsController.swift */,
				86CA9ECD2D3B2ABC00E4E41B /* HomeVC.swift */,
				86CA9ECE2D3B2ABC00E4E41B /* AddHabitatVC.swift */,
				86CA9ECF2D3B2ABC00E4E41B /* AddActividadVC.swift */,
				86CA9ED02D3B2ABC00E4E41B /* TbMainController.swift */,
				86CA9ED12D3B2ABC00E4E41B /* NavHomeController.swift */,
				86CA9ED22D3B2ABC00E4E41B /* NavProfileController.swift */,
			);
			name = VC;
			path = ../../asd/Controller/VC;
			sourceTree = "<group>";
		};
		86CA9F072D3B2B7800E4E41B /* CoreDatabase */ = {
			isa = PBXGroup;
			children = (
				86CA9F082D3B2B7800E4E41B /* cuyoscaredb.xcdatamodeld */,
				86CA9F0A2D3B2B7800E4E41B /* CoreDataHelper.swift */,
				86CA9F0B2D3B2B7800E4E41B /* entities */,
			);
			path = CoreDatabase;
			sourceTree = "<group>";
		};
		86CA9F0B2D3B2B7800E4E41B /* entities */ = {
			isa = PBXGroup;
			children = (
				86CA9F0C2D3B2B7800E4E41B /* HabitatManager.swift */,
				86CA9F0D2D3B2B7800E4E41B /* ActividadManager.swift */,
				86CA9F0E2D3B2B7800E4E41B /* MascotaManager.swift */,
				86CA9F0F2D3B2B7800E4E41B /* NotificacionManager.swift */,
				86CA9F102D3B2B7800E4E41B /* UsuarioManager.swift */,
			);
			path = entities;
			sourceTree = "<group>";
		};
		86D4CF0D2D13A37B00223EFC /* Localization */ = {
			isa = PBXGroup;
			children = (
				86CA9EB82D3B292600E4E41B /* Localizable.stringsdict */,
			);
			path = Localization;
			sourceTree = "<group>";
		};
		86D4CF182D13CFF900223EFC /* Extensions */ = {
			isa = PBXGroup;
			children = (
				86CA9F012D3B2B6B00E4E41B /* Date+Extension.swift */,
				86CA9F022D3B2B6B00E4E41B /* ThemeManager.swift */,
				86CA9F032D3B2B6B00E4E41B /* UIViewController+Extension.swift */,
				86D4CF192D13D0DD00223EFC /* StringExtension.swift */,
				861CA7222D26A1DB00506F15 /* ImageExtension.swift */,
			);
			path = Extensions;
			sourceTree = "<group>";
		};
/* End PBXGroup section */

/* Begin PBXNativeTarget section */
		866C2D412CCB5C750057C80E /* MrSunshisjournal */ = {
			isa = PBXNativeTarget;
			buildConfigurationList = 866C2D592CCB5C790057C80E /* Build configuration list for PBXNativeTarget "MrSunshisjournal" */;
			buildPhases = (
				866C2D3E2CCB5C750057C80E /* Sources */,
				866C2D3F2CCB5C750057C80E /* Frameworks */,
				866C2D402CCB5C750057C80E /* Resources */,
			);
			buildRules = (
			);
			dependencies = (
			);
			name = MrSunshisjournal;
			packageProductDependencies = (
				86D4CF272D16B0EF00223EFC /* FSCalendar */,
				86CA9F1D2D3B2E8B00E4E41B /* ActionSheetPicker-3.0 */,
			);
			productName = MrSunshisjournal;
			productReference = 866C2D422CCB5C760057C80E /* MrSunshisjournal.app */;
			productType = "com.apple.product-type.application";
		};
/* End PBXNativeTarget section */

/* Begin PBXProject section */
		866C2D3A2CCB5C750057C80E /* Project object */ = {
			isa = PBXProject;
			attributes = {
				BuildIndependentTargetsInParallel = 1;
				LastSwiftUpdateCheck = 1420;
				LastUpgradeCheck = 1420;
				TargetAttributes = {
					866C2D412CCB5C750057C80E = {
						CreatedOnToolsVersion = 14.2;
					};
				};
			};
			buildConfigurationList = 866C2D3D2CCB5C750057C80E /* Build configuration list for PBXProject "MrSunshisjournal" */;
			compatibilityVersion = "Xcode 14.0";
			developmentRegion = en;
			hasScannedForEncodings = 0;
			knownRegions = (
				en,
				Base,
				"es-419",
			);
			mainGroup = 866C2D392CCB5C750057C80E;
			packageReferences = (
				86D4CF262D16B0EF00223EFC /* XCRemoteSwiftPackageReference "FSCalendar" */,
				86CA9F1C2D3B2E8B00E4E41B /* XCRemoteSwiftPackageReference "ActionSheetPicker-3" */,
			);
			productRefGroup = 866C2D432CCB5C760057C80E /* Products */;
			projectDirPath = "";
			projectRoot = "";
			targets = (
				866C2D412CCB5C750057C80E /* MrSunshisjournal */,
			);
		};
/* End PBXProject section */

/* Begin PBXResourcesBuildPhase section */
		866C2D402CCB5C750057C80E /* Resources */ = {
			isa = PBXResourcesBuildPhase;
			buildActionMask = 2147483647;
			files = (
				86CA9EFE2D3B2B5900E4E41B /* LaunchScreen.storyboard in Resources */,
				86CA9EFF2D3B2B5900E4E41B /* Main.storyboard in Resources */,
				86CA9F192D3B2B8300E4E41B /* Colors.xcassets in Resources */,
				86CA9EED2D3B2B4F00E4E41B /* Localizable.strings in Resources */,
				86CA9EFC2D3B2B5900E4E41B /* Main.strings in Resources */,
				86CA9EEE2D3B2B4F00E4E41B /* LocalizableES.strings in Resources */,
				86CA9EFB2D3B2B5900E4E41B /* LaunchScreen.strings in Resources */,
				866C2D522CCB5C790057C80E /* Assets.xcassets in Resources */,
			);
			runOnlyForDeploymentPostprocessing = 0;
		};
/* End PBXResourcesBuildPhase section */

/* Begin PBXSourcesBuildPhase section */
		866C2D3E2CCB5C750057C80E /* Sources */ = {
			isa = PBXSourcesBuildPhase;
			buildActionMask = 2147483647;
			files = (
				86CA9EC02D3B2A7000E4E41B /* NotificacionCell.swift in Sources */,
				86CA9F152D3B2B7800E4E41B /* MascotaManager.swift in Sources */,
				861CA7232D26A1DB00506F15 /* ImageExtension.swift in Sources */,
				86CA9ED92D3B2ABC00E4E41B /* AddMascotaVC.swift in Sources */,
				86CA9EFD2D3B2B5900E4E41B /* ConfigViewCellasas.swift in Sources */,
				866C2D502CCB5C760057C80E /* MrSunshisjournal.xcdatamodeld in Sources */,
				866C2D6D2CCBB2390057C80E /* CheckboxButton.swift in Sources */,
				86CA9EDB2D3B2ABC00E4E41B /* NavNotificationsController.swift in Sources */,
				86CA9EDE2D3B2ABC00E4E41B /* AddActividadVC.swift in Sources */,
				86CA9F162D3B2B7800E4E41B /* NotificacionManager.swift in Sources */,
				866C2D652CCB78950057C80E /* DataManager.swift in Sources */,
				86D4CF1A2D13D0DD00223EFC /* StringExtension.swift in Sources */,
				86CA9F042D3B2B6B00E4E41B /* Date+Extension.swift in Sources */,
				86CA9F122D3B2B7800E4E41B /* CoreDataHelper.swift in Sources */,
				86CA9EDC2D3B2ABC00E4E41B /* HomeVC.swift in Sources */,
				86CA9F112D3B2B7800E4E41B /* cuyoscaredb.xcdatamodeld in Sources */,
				86CA9F062D3B2B6B00E4E41B /* UIViewController+Extension.swift in Sources */,
				86D4D0562D18214A00223EFC /* JournalModel.xcdatamodeld in Sources */,
				86CA9F172D3B2B7800E4E41B /* UsuarioManager.swift in Sources */,
				86CA9ED72D3B2ABC00E4E41B /* NotificationsVC.swift in Sources */,
				86CA9F142D3B2B7800E4E41B /* ActividadManager.swift in Sources */,
				86CA9EDA2D3B2ABC00E4E41B /* NewNotificationVC.swift in Sources */,
				866C2D462CCB5C760057C80E /* AppDelegate.swift in Sources */,
				86CA9EC22D3B2A7000E4E41B /* ActividadCell.swift in Sources */,
				86CA9ED62D3B2ABC00E4E41B /* NavHistoryController.swift in Sources */,
				86CA9EE12D3B2ABC00E4E41B /* NavProfileController.swift in Sources */,
				86CA9F132D3B2B7800E4E41B /* HabitatManager.swift in Sources */,
				86CA9EDF2D3B2ABC00E4E41B /* TbMainController.swift in Sources */,
				866C2D482CCB5C760057C80E /* SceneDelegate.swift in Sources */,
				86CA9EDD2D3B2ABC00E4E41B /* AddHabitatVC.swift in Sources */,
				86D4CF022D12A15C00223EFC /* ConfigModels.swift in Sources */,
				86CA9EE02D3B2ABC00E4E41B /* NavHomeController.swift in Sources */,
				86CA9EC32D3B2A7000E4E41B /* HabitatColCell.swift in Sources */,
				86CA9ED52D3B2ABC00E4E41B /* ProfileVC.swift in Sources */,
				866C2D6F2CCBB6850057C80E /* CircularButton.swift in Sources */,
				86CA9ED82D3B2ABC00E4E41B /* HistoryVC.swift in Sources */,
				86CA9EC12D3B2A7000E4E41B /* MascotaCell.swift in Sources */,
				86CA9F052D3B2B6B00E4E41B /* ThemeManager.swift in Sources */,
			);
			runOnlyForDeploymentPostprocessing = 0;
		};
/* End PBXSourcesBuildPhase section */

/* Begin PBXVariantGroup section */
		86CA9EE52D3B2B4F00E4E41B /* Localizable.strings */ = {
			isa = PBXVariantGroup;
			children = (
				86CA9EE62D3B2B4F00E4E41B /* en */,
			);
			name = Localizable.strings;
			sourceTree = "<group>";
		};
		86CA9EE72D3B2B4F00E4E41B /* LocalizableES.strings */ = {
			isa = PBXVariantGroup;
			children = (
				86CA9EE82D3B2B4F00E4E41B /* en */,
			);
			name = LocalizableES.strings;
			sourceTree = "<group>";
		};
		86CA9EF22D3B2B5900E4E41B /* LaunchScreen.strings */ = {
			isa = PBXVariantGroup;
			children = (
				86CA9EF32D3B2B5900E4E41B /* es-419 */,
			);
			name = LaunchScreen.strings;
			sourceTree = "<group>";
		};
		86CA9EF42D3B2B5900E4E41B /* Main.strings */ = {
			isa = PBXVariantGroup;
			children = (
				86CA9EF52D3B2B5900E4E41B /* es-419 */,
			);
			name = Main.strings;
			sourceTree = "<group>";
		};
		86CA9EF72D3B2B5900E4E41B /* LaunchScreen.storyboard */ = {
			isa = PBXVariantGroup;
			children = (
				86CA9EF82D3B2B5900E4E41B /* Base */,
			);
			name = LaunchScreen.storyboard;
			sourceTree = "<group>";
		};
		86CA9EF92D3B2B5900E4E41B /* Main.storyboard */ = {
			isa = PBXVariantGroup;
			children = (
				86CA9EFA2D3B2B5900E4E41B /* Base */,
			);
			name = Main.storyboard;
			sourceTree = "<group>";
		};
/* End PBXVariantGroup section */

/* Begin XCBuildConfiguration section */
		866C2D572CCB5C790057C80E /* Debug */ = {
			isa = XCBuildConfiguration;
			buildSettings = {
				ALWAYS_SEARCH_USER_PATHS = NO;
				CLANG_ANALYZER_LOCALIZABILITY_NONLOCALIZED = YES;
				CLANG_ANALYZER_NONNULL = YES;
				CLANG_ANALYZER_NUMBER_OBJECT_CONVERSION = YES_AGGRESSIVE;
				CLANG_CXX_LANGUAGE_STANDARD = "gnu++20";
				CLANG_ENABLE_MODULES = YES;
				CLANG_ENABLE_OBJC_ARC = YES;
				CLANG_ENABLE_OBJC_WEAK = YES;
				CLANG_WARN_BLOCK_CAPTURE_AUTORELEASING = YES;
				CLANG_WARN_BOOL_CONVERSION = YES;
				CLANG_WARN_COMMA = YES;
				CLANG_WARN_CONSTANT_CONVERSION = YES;
				CLANG_WARN_DEPRECATED_OBJC_IMPLEMENTATIONS = YES;
				CLANG_WARN_DIRECT_OBJC_ISA_USAGE = YES_ERROR;
				CLANG_WARN_DOCUMENTATION_COMMENTS = YES;
				CLANG_WARN_EMPTY_BODY = YES;
				CLANG_WARN_ENUM_CONVERSION = YES;
				CLANG_WARN_INFINITE_RECURSION = YES;
				CLANG_WARN_INT_CONVERSION = YES;
				CLANG_WARN_NON_LITERAL_NULL_CONVERSION = YES;
				CLANG_WARN_OBJC_IMPLICIT_RETAIN_SELF = YES;
				CLANG_WARN_OBJC_LITERAL_CONVERSION = YES;
				CLANG_WARN_OBJC_ROOT_CLASS = YES_ERROR;
				CLANG_WARN_QUOTED_INCLUDE_IN_FRAMEWORK_HEADER = YES;
				CLANG_WARN_RANGE_LOOP_ANALYSIS = YES;
				CLANG_WARN_STRICT_PROTOTYPES = YES;
				CLANG_WARN_SUSPICIOUS_MOVE = YES;
				CLANG_WARN_UNGUARDED_AVAILABILITY = YES_AGGRESSIVE;
				CLANG_WARN_UNREACHABLE_CODE = YES;
				CLANG_WARN__DUPLICATE_METHOD_MATCH = YES;
				COPY_PHASE_STRIP = NO;
				DEBUG_INFORMATION_FORMAT = dwarf;
				ENABLE_STRICT_OBJC_MSGSEND = YES;
				ENABLE_TESTABILITY = YES;
				GCC_C_LANGUAGE_STANDARD = gnu11;
				GCC_DYNAMIC_NO_PIC = NO;
				GCC_NO_COMMON_BLOCKS = YES;
				GCC_OPTIMIZATION_LEVEL = 0;
				GCC_PREPROCESSOR_DEFINITIONS = (
					"DEBUG=1",
					"$(inherited)",
				);
				GCC_WARN_64_TO_32_BIT_CONVERSION = YES;
				GCC_WARN_ABOUT_RETURN_TYPE = YES_ERROR;
				GCC_WARN_UNDECLARED_SELECTOR = YES;
				GCC_WARN_UNINITIALIZED_AUTOS = YES_AGGRESSIVE;
				GCC_WARN_UNUSED_FUNCTION = YES;
				GCC_WARN_UNUSED_VARIABLE = YES;
				IPHONEOS_DEPLOYMENT_TARGET = 16.2;
				MTL_ENABLE_DEBUG_INFO = INCLUDE_SOURCE;
				MTL_FAST_MATH = YES;
				ONLY_ACTIVE_ARCH = YES;
				SDKROOT = iphoneos;
				SWIFT_ACTIVE_COMPILATION_CONDITIONS = DEBUG;
				SWIFT_OPTIMIZATION_LEVEL = "-Onone";
			};
			name = Debug;
		};
		866C2D582CCB5C790057C80E /* Release */ = {
			isa = XCBuildConfiguration;
			buildSettings = {
				ALWAYS_SEARCH_USER_PATHS = NO;
				CLANG_ANALYZER_LOCALIZABILITY_NONLOCALIZED = YES;
				CLANG_ANALYZER_NONNULL = YES;
				CLANG_ANALYZER_NUMBER_OBJECT_CONVERSION = YES_AGGRESSIVE;
				CLANG_CXX_LANGUAGE_STANDARD = "gnu++20";
				CLANG_ENABLE_MODULES = YES;
				CLANG_ENABLE_OBJC_ARC = YES;
				CLANG_ENABLE_OBJC_WEAK = YES;
				CLANG_WARN_BLOCK_CAPTURE_AUTORELEASING = YES;
				CLANG_WARN_BOOL_CONVERSION = YES;
				CLANG_WARN_COMMA = YES;
				CLANG_WARN_CONSTANT_CONVERSION = YES;
				CLANG_WARN_DEPRECATED_OBJC_IMPLEMENTATIONS = YES;
				CLANG_WARN_DIRECT_OBJC_ISA_USAGE = YES_ERROR;
				CLANG_WARN_DOCUMENTATION_COMMENTS = YES;
				CLANG_WARN_EMPTY_BODY = YES;
				CLANG_WARN_ENUM_CONVERSION = YES;
				CLANG_WARN_INFINITE_RECURSION = YES;
				CLANG_WARN_INT_CONVERSION = YES;
				CLANG_WARN_NON_LITERAL_NULL_CONVERSION = YES;
				CLANG_WARN_OBJC_IMPLICIT_RETAIN_SELF = YES;
				CLANG_WARN_OBJC_LITERAL_CONVERSION = YES;
				CLANG_WARN_OBJC_ROOT_CLASS = YES_ERROR;
				CLANG_WARN_QUOTED_INCLUDE_IN_FRAMEWORK_HEADER = YES;
				CLANG_WARN_RANGE_LOOP_ANALYSIS = YES;
				CLANG_WARN_STRICT_PROTOTYPES = YES;
				CLANG_WARN_SUSPICIOUS_MOVE = YES;
				CLANG_WARN_UNGUARDED_AVAILABILITY = YES_AGGRESSIVE;
				CLANG_WARN_UNREACHABLE_CODE = YES;
				CLANG_WARN__DUPLICATE_METHOD_MATCH = YES;
				COPY_PHASE_STRIP = NO;
				DEBUG_INFORMATION_FORMAT = "dwarf-with-dsym";
				ENABLE_NS_ASSERTIONS = NO;
				ENABLE_STRICT_OBJC_MSGSEND = YES;
				GCC_C_LANGUAGE_STANDARD = gnu11;
				GCC_NO_COMMON_BLOCKS = YES;
				GCC_WARN_64_TO_32_BIT_CONVERSION = YES;
				GCC_WARN_ABOUT_RETURN_TYPE = YES_ERROR;
				GCC_WARN_UNDECLARED_SELECTOR = YES;
				GCC_WARN_UNINITIALIZED_AUTOS = YES_AGGRESSIVE;
				GCC_WARN_UNUSED_FUNCTION = YES;
				GCC_WARN_UNUSED_VARIABLE = YES;
				IPHONEOS_DEPLOYMENT_TARGET = 16.2;
				MTL_ENABLE_DEBUG_INFO = NO;
				MTL_FAST_MATH = YES;
				SDKROOT = iphoneos;
				SWIFT_COMPILATION_MODE = wholemodule;
				SWIFT_OPTIMIZATION_LEVEL = "-O";
				VALIDATE_PRODUCT = YES;
			};
			name = Release;
		};
		866C2D5A2CCB5C790057C80E /* Debug */ = {
			isa = XCBuildConfiguration;
			buildSettings = {
				ASSETCATALOG_COMPILER_APPICON_NAME = AppIcon;
				ASSETCATALOG_COMPILER_GLOBAL_ACCENT_COLOR_NAME = AccentColor;
				CODE_SIGN_STYLE = Automatic;
				CURRENT_PROJECT_VERSION = 1;
				DEVELOPMENT_TEAM = VX96HPJ359;
				GENERATE_INFOPLIST_FILE = YES;
				INFOPLIST_FILE = MrSunshisjournal/Info.plist;
				INFOPLIST_KEY_CFBundleDisplayName = MrSunshisjournal;
				INFOPLIST_KEY_UIApplicationSupportsIndirectInputEvents = YES;
				INFOPLIST_KEY_UILaunchStoryboardName = LaunchScreen.storyboard;
				INFOPLIST_KEY_UIMainStoryboardFile = Main;
				INFOPLIST_KEY_UIStatusBarStyle = "";
				INFOPLIST_KEY_UISupportedInterfaceOrientations = UIInterfaceOrientationPortrait;
				INFOPLIST_KEY_UISupportedInterfaceOrientations_iPad = "UIInterfaceOrientationLandscapeLeft UIInterfaceOrientationLandscapeRight UIInterfaceOrientationPortrait UIInterfaceOrientationPortraitUpsideDown";
				LD_RUNPATH_SEARCH_PATHS = (
					"$(inherited)",
					"@executable_path/Frameworks",
				);
				MARKETING_VERSION = 1.0;
				PRODUCT_BUNDLE_IDENTIFIER = com.developer.HelloIOS.juan.MrSunshisjournal;
				PRODUCT_NAME = "$(TARGET_NAME)";
				SUPPORTED_PLATFORMS = "iphoneos iphonesimulator";
				SUPPORTS_MACCATALYST = NO;
				SUPPORTS_MAC_DESIGNED_FOR_IPHONE_IPAD = NO;
				SWIFT_EMIT_LOC_STRINGS = YES;
				SWIFT_VERSION = 5.0;
				TARGETED_DEVICE_FAMILY = 1;
			};
			name = Debug;
		};
		866C2D5B2CCB5C790057C80E /* Release */ = {
			isa = XCBuildConfiguration;
			buildSettings = {
				ASSETCATALOG_COMPILER_APPICON_NAME = AppIcon;
				ASSETCATALOG_COMPILER_GLOBAL_ACCENT_COLOR_NAME = AccentColor;
				CODE_SIGN_STYLE = Automatic;
				CURRENT_PROJECT_VERSION = 1;
				DEVELOPMENT_TEAM = VX96HPJ359;
				GENERATE_INFOPLIST_FILE = YES;
				INFOPLIST_FILE = MrSunshisjournal/Info.plist;
				INFOPLIST_KEY_CFBundleDisplayName = MrSunshisjournal;
				INFOPLIST_KEY_UIApplicationSupportsIndirectInputEvents = YES;
				INFOPLIST_KEY_UILaunchStoryboardName = LaunchScreen.storyboard;
				INFOPLIST_KEY_UIMainStoryboardFile = Main;
				INFOPLIST_KEY_UIStatusBarStyle = "";
				INFOPLIST_KEY_UISupportedInterfaceOrientations = UIInterfaceOrientationPortrait;
				INFOPLIST_KEY_UISupportedInterfaceOrientations_iPad = "UIInterfaceOrientationLandscapeLeft UIInterfaceOrientationLandscapeRight UIInterfaceOrientationPortrait UIInterfaceOrientationPortraitUpsideDown";
				LD_RUNPATH_SEARCH_PATHS = (
					"$(inherited)",
					"@executable_path/Frameworks",
				);
				MARKETING_VERSION = 1.0;
				PRODUCT_BUNDLE_IDENTIFIER = com.developer.HelloIOS.juan.MrSunshisjournal;
				PRODUCT_NAME = "$(TARGET_NAME)";
				SUPPORTED_PLATFORMS = "iphoneos iphonesimulator";
				SUPPORTS_MACCATALYST = NO;
				SUPPORTS_MAC_DESIGNED_FOR_IPHONE_IPAD = NO;
				SWIFT_EMIT_LOC_STRINGS = YES;
				SWIFT_VERSION = 5.0;
				TARGETED_DEVICE_FAMILY = 1;
			};
			name = Release;
		};
/* End XCBuildConfiguration section */

/* Begin XCConfigurationList section */
		866C2D3D2CCB5C750057C80E /* Build configuration list for PBXProject "MrSunshisjournal" */ = {
			isa = XCConfigurationList;
			buildConfigurations = (
				866C2D572CCB5C790057C80E /* Debug */,
				866C2D582CCB5C790057C80E /* Release */,
			);
			defaultConfigurationIsVisible = 0;
			defaultConfigurationName = Release;
		};
		866C2D592CCB5C790057C80E /* Build configuration list for PBXNativeTarget "MrSunshisjournal" */ = {
			isa = XCConfigurationList;
			buildConfigurations = (
				866C2D5A2CCB5C790057C80E /* Debug */,
				866C2D5B2CCB5C790057C80E /* Release */,
			);
			defaultConfigurationIsVisible = 0;
			defaultConfigurationName = Release;
		};
/* End XCConfigurationList section */

/* Begin XCRemoteSwiftPackageReference section */
		86CA9F1C2D3B2E8B00E4E41B /* XCRemoteSwiftPackageReference "ActionSheetPicker-3" */ = {
			isa = XCRemoteSwiftPackageReference;
			repositoryURL = "https://github.com/skywinder/ActionSheetPicker-3.0";
			requirement = {
				kind = upToNextMajorVersion;
				minimumVersion = 2.0.0;
			};
		};
		86D4CF262D16B0EF00223EFC /* XCRemoteSwiftPackageReference "FSCalendar" */ = {
			isa = XCRemoteSwiftPackageReference;
			repositoryURL = "https://github.com/WenchaoD/FSCalendar";
			requirement = {
				kind = upToNextMajorVersion;
				minimumVersion = 2.0.0;
			};
		};
/* End XCRemoteSwiftPackageReference section */

/* Begin XCSwiftPackageProductDependency section */
		86CA9F1D2D3B2E8B00E4E41B /* ActionSheetPicker-3.0 */ = {
			isa = XCSwiftPackageProductDependency;
			package = 86CA9F1C2D3B2E8B00E4E41B /* XCRemoteSwiftPackageReference "ActionSheetPicker-3" */;
			productName = "ActionSheetPicker-3.0";
		};
		86D4CF272D16B0EF00223EFC /* FSCalendar */ = {
			isa = XCSwiftPackageProductDependency;
			package = 86D4CF262D16B0EF00223EFC /* XCRemoteSwiftPackageReference "FSCalendar" */;
			productName = FSCalendar;
		};
/* End XCSwiftPackageProductDependency section */

/* Begin XCVersionGroup section */
		866C2D4E2CCB5C760057C80E /* MrSunshisjournal.xcdatamodeld */ = {
			isa = XCVersionGroup;
			children = (
				866C2D4F2CCB5C760057C80E /* MrSunshisjournal.xcdatamodel */,
			);
			currentVersion = 866C2D4F2CCB5C760057C80E /* MrSunshisjournal.xcdatamodel */;
			path = MrSunshisjournal.xcdatamodeld;
			sourceTree = "<group>";
			versionGroupType = wrapper.xcdatamodel;
		};
		86CA9F082D3B2B7800E4E41B /* cuyoscaredb.xcdatamodeld */ = {
			isa = XCVersionGroup;
			children = (
				86CA9F092D3B2B7800E4E41B /* cuyoscaredb.xcdatamodel */,
			);
			currentVersion = 86CA9F092D3B2B7800E4E41B /* cuyoscaredb.xcdatamodel */;
			path = cuyoscaredb.xcdatamodeld;
			sourceTree = "<group>";
			versionGroupType = wrapper.xcdatamodel;
		};
		86D4D0542D18214A00223EFC /* JournalModel.xcdatamodeld */ = {
			isa = XCVersionGroup;
			children = (
				86D4D0552D18214A00223EFC /* JournalModel.xcdatamodel */,
			);
			currentVersion = 86D4D0552D18214A00223EFC /* JournalModel.xcdatamodel */;
			path = JournalModel.xcdatamodeld;
			sourceTree = "<group>";
			versionGroupType = wrapper.xcdatamodel;
		};
/* End XCVersionGroup section */
	};
	rootObject = 866C2D3A2CCB5C750057C80E /* Project object */;
}
