// !$*UTF8*$!
{
	archiveVersion = 1;
	classes = {
	};
	objectVersion = 56;
	objects = {

/* Begin PBXBuildFile section */
		861CA71A2D2639CC00506F15 /* Pethabitat+CoreDataClass.swift in Sources */ = {isa = PBXBuildFile; fileRef = 861CA7122D2639CC00506F15 /* Pethabitat+CoreDataClass.swift */; };
		861CA71B2D2639CC00506F15 /* Pethabitat+CoreDataProperties.swift in Sources */ = {isa = PBXBuildFile; fileRef = 861CA7132D2639CC00506F15 /* Pethabitat+CoreDataProperties.swift */; };
		861CA71C2D2639CC00506F15 /* Petmascota+CoreDataClass.swift in Sources */ = {isa = PBXBuildFile; fileRef = 861CA7142D2639CC00506F15 /* Petmascota+CoreDataClass.swift */; };
		861CA71D2D2639CC00506F15 /* Petmascota+CoreDataProperties.swift in Sources */ = {isa = PBXBuildFile; fileRef = 861CA7152D2639CC00506F15 /* Petmascota+CoreDataProperties.swift */; };
		861CA71E2D2639CC00506F15 /* Petnotification+CoreDataClass.swift in Sources */ = {isa = PBXBuildFile; fileRef = 861CA7162D2639CC00506F15 /* Petnotification+CoreDataClass.swift */; };
		861CA71F2D2639CC00506F15 /* Petnotification+CoreDataProperties.swift in Sources */ = {isa = PBXBuildFile; fileRef = 861CA7172D2639CC00506F15 /* Petnotification+CoreDataProperties.swift */; };
		861CA7202D2639CC00506F15 /* Petactividad+CoreDataClass.swift in Sources */ = {isa = PBXBuildFile; fileRef = 861CA7182D2639CC00506F15 /* Petactividad+CoreDataClass.swift */; };
		861CA7212D2639CC00506F15 /* Petactividad+CoreDataProperties.swift in Sources */ = {isa = PBXBuildFile; fileRef = 861CA7192D2639CC00506F15 /* Petactividad+CoreDataProperties.swift */; };
		861CA7232D26A1DB00506F15 /* ImageExtension.swift in Sources */ = {isa = PBXBuildFile; fileRef = 861CA7222D26A1DB00506F15 /* ImageExtension.swift */; };
		861CA7252D26A9A400506F15 /* DiarioController.swift in Sources */ = {isa = PBXBuildFile; fileRef = 861CA7242D26A9A400506F15 /* DiarioController.swift */; };
		866C2D462CCB5C760057C80E /* AppDelegate.swift in Sources */ = {isa = PBXBuildFile; fileRef = 866C2D452CCB5C760057C80E /* AppDelegate.swift */; };
		866C2D482CCB5C760057C80E /* SceneDelegate.swift in Sources */ = {isa = PBXBuildFile; fileRef = 866C2D472CCB5C760057C80E /* SceneDelegate.swift */; };
		866C2D4A2CCB5C760057C80E /* ViewController.swift in Sources */ = {isa = PBXBuildFile; fileRef = 866C2D492CCB5C760057C80E /* ViewController.swift */; };
		866C2D4D2CCB5C760057C80E /* Main.storyboard in Resources */ = {isa = PBXBuildFile; fileRef = 866C2D4B2CCB5C760057C80E /* Main.storyboard */; };
		866C2D502CCB5C760057C80E /* MrSunshisjournal.xcdatamodeld in Sources */ = {isa = PBXBuildFile; fileRef = 866C2D4E2CCB5C760057C80E /* MrSunshisjournal.xcdatamodeld */; };
		866C2D522CCB5C790057C80E /* Assets.xcassets in Resources */ = {isa = PBXBuildFile; fileRef = 866C2D512CCB5C790057C80E /* Assets.xcassets */; };
		866C2D552CCB5C790057C80E /* LaunchScreen.storyboard in Resources */ = {isa = PBXBuildFile; fileRef = 866C2D532CCB5C790057C80E /* LaunchScreen.storyboard */; };
		866C2D5E2CCB5CB80057C80E /* WebKit.framework in Frameworks */ = {isa = PBXBuildFile; fileRef = 866C2D5D2CCB5CB70057C80E /* WebKit.framework */; };
		866C2D602CCB5CC70057C80E /* Network.framework in Frameworks */ = {isa = PBXBuildFile; fileRef = 866C2D5F2CCB5CC60057C80E /* Network.framework */; };
		866C2D652CCB78950057C80E /* DataManager.swift in Sources */ = {isa = PBXBuildFile; fileRef = 866C2D642CCB78950057C80E /* DataManager.swift */; };
		866C2D672CCB9EC10057C80E /* SignInViewController.swift in Sources */ = {isa = PBXBuildFile; fileRef = 866C2D662CCB9EC10057C80E /* SignInViewController.swift */; };
		866C2D6B2CCB9FEF0057C80E /* SignUpViewController.swift in Sources */ = {isa = PBXBuildFile; fileRef = 866C2D6A2CCB9FEF0057C80E /* SignUpViewController.swift */; };
		866C2D6D2CCBB2390057C80E /* CheckboxButton.swift in Sources */ = {isa = PBXBuildFile; fileRef = 866C2D6C2CCBB2390057C80E /* CheckboxButton.swift */; };
		866C2D6F2CCBB6850057C80E /* CircularButton.swift in Sources */ = {isa = PBXBuildFile; fileRef = 866C2D6E2CCBB6850057C80E /* CircularButton.swift */; };
		867FD5452D0A98E500F0590C /* ConfigMenuController.swift in Sources */ = {isa = PBXBuildFile; fileRef = 867FD5442D0A98E500F0590C /* ConfigMenuController.swift */; };
		8686C07E2D015E3F00ADAF1F /* NotificationController.swift in Sources */ = {isa = PBXBuildFile; fileRef = 8686C07D2D015E3F00ADAF1F /* NotificationController.swift */; };
		8686C0802D016CCC00ADAF1F /* UserConfigController.swift in Sources */ = {isa = PBXBuildFile; fileRef = 8686C07F2D016CCC00ADAF1F /* UserConfigController.swift */; };
		86D4CF022D12A15C00223EFC /* ConfigModels.swift in Sources */ = {isa = PBXBuildFile; fileRef = 86D4CF012D12A15C00223EFC /* ConfigModels.swift */; };
		86D4CF142D13A4FF00223EFC /* Localizable.strings in Resources */ = {isa = PBXBuildFile; fileRef = 86D4CF162D13A4FF00223EFC /* Localizable.strings */; };
		86D4CF1A2D13D0DD00223EFC /* StringExtension.swift in Sources */ = {isa = PBXBuildFile; fileRef = 86D4CF192D13D0DD00223EFC /* StringExtension.swift */; };
		86D4CF1E2D1402B200223EFC /* ConfigViewCell.swift in Sources */ = {isa = PBXBuildFile; fileRef = 86D4CF1D2D1402B200223EFC /* ConfigViewCell.swift */; };
		86D4CF212D14119900223EFC /* PerfilController.swift in Sources */ = {isa = PBXBuildFile; fileRef = 86D4CF202D14119900223EFC /* PerfilController.swift */; };
		86D4CF232D15676200223EFC /* MrSunshineJournalController.swift in Sources */ = {isa = PBXBuildFile; fileRef = 86D4CF222D15676200223EFC /* MrSunshineJournalController.swift */; };
		86D4CF252D168B0C00223EFC /* PetsViewCell.swift in Sources */ = {isa = PBXBuildFile; fileRef = 86D4CF242D168B0C00223EFC /* PetsViewCell.swift */; };
		86D4CF282D16B0EF00223EFC /* FSCalendar in Frameworks */ = {isa = PBXBuildFile; productRef = 86D4CF272D16B0EF00223EFC /* FSCalendar */; };
		86D4D0052D18177100223EFC /* CoreData.framework in Frameworks */ = {isa = PBXBuildFile; fileRef = 86D4D0042D18177000223EFC /* CoreData.framework */; };
		86D4D0562D18214A00223EFC /* JournalModel.xcdatamodeld in Sources */ = {isa = PBXBuildFile; fileRef = 86D4D0542D18214A00223EFC /* JournalModel.xcdatamodeld */; };
/* End PBXBuildFile section */

/* Begin PBXFileReference section */
		861CA7122D2639CC00506F15 /* Pethabitat+CoreDataClass.swift */ = {isa = PBXFileReference; lastKnownFileType = sourcecode.swift; name = "Pethabitat+CoreDataClass.swift"; path = "MrSunshisjournal/Pethabitat+CoreDataClass.swift"; sourceTree = "<group>"; };
		861CA7132D2639CC00506F15 /* Pethabitat+CoreDataProperties.swift */ = {isa = PBXFileReference; lastKnownFileType = sourcecode.swift; name = "Pethabitat+CoreDataProperties.swift"; path = "MrSunshisjournal/Pethabitat+CoreDataProperties.swift"; sourceTree = "<group>"; };
		861CA7142D2639CC00506F15 /* Petmascota+CoreDataClass.swift */ = {isa = PBXFileReference; lastKnownFileType = sourcecode.swift; name = "Petmascota+CoreDataClass.swift"; path = "MrSunshisjournal/Petmascota+CoreDataClass.swift"; sourceTree = "<group>"; };
		861CA7152D2639CC00506F15 /* Petmascota+CoreDataProperties.swift */ = {isa = PBXFileReference; lastKnownFileType = sourcecode.swift; name = "Petmascota+CoreDataProperties.swift"; path = "MrSunshisjournal/Petmascota+CoreDataProperties.swift"; sourceTree = "<group>"; };
		861CA7162D2639CC00506F15 /* Petnotification+CoreDataClass.swift */ = {isa = PBXFileReference; lastKnownFileType = sourcecode.swift; name = "Petnotification+CoreDataClass.swift"; path = "MrSunshisjournal/Petnotification+CoreDataClass.swift"; sourceTree = "<group>"; };
		861CA7172D2639CC00506F15 /* Petnotification+CoreDataProperties.swift */ = {isa = PBXFileReference; lastKnownFileType = sourcecode.swift; name = "Petnotification+CoreDataProperties.swift"; path = "MrSunshisjournal/Petnotification+CoreDataProperties.swift"; sourceTree = "<group>"; };
		861CA7182D2639CC00506F15 /* Petactividad+CoreDataClass.swift */ = {isa = PBXFileReference; lastKnownFileType = sourcecode.swift; name = "Petactividad+CoreDataClass.swift"; path = "MrSunshisjournal/Petactividad+CoreDataClass.swift"; sourceTree = "<group>"; };
		861CA7192D2639CC00506F15 /* Petactividad+CoreDataProperties.swift */ = {isa = PBXFileReference; lastKnownFileType = sourcecode.swift; name = "Petactividad+CoreDataProperties.swift"; path = "MrSunshisjournal/Petactividad+CoreDataProperties.swift"; sourceTree = "<group>"; };
		861CA7222D26A1DB00506F15 /* ImageExtension.swift */ = {isa = PBXFileReference; lastKnownFileType = sourcecode.swift; path = ImageExtension.swift; sourceTree = "<group>"; };
		861CA7242D26A9A400506F15 /* DiarioController.swift */ = {isa = PBXFileReference; lastKnownFileType = sourcecode.swift; path = DiarioController.swift; sourceTree = "<group>"; };
		866C2D422CCB5C760057C80E /* MrSunshisjournal.app */ = {isa = PBXFileReference; explicitFileType = wrapper.application; includeInIndex = 0; path = MrSunshisjournal.app; sourceTree = BUILT_PRODUCTS_DIR; };
		866C2D452CCB5C760057C80E /* AppDelegate.swift */ = {isa = PBXFileReference; lastKnownFileType = sourcecode.swift; path = AppDelegate.swift; sourceTree = "<group>"; };
		866C2D472CCB5C760057C80E /* SceneDelegate.swift */ = {isa = PBXFileReference; lastKnownFileType = sourcecode.swift; path = SceneDelegate.swift; sourceTree = "<group>"; };
		866C2D492CCB5C760057C80E /* ViewController.swift */ = {isa = PBXFileReference; lastKnownFileType = sourcecode.swift; path = ViewController.swift; sourceTree = "<group>"; };
		866C2D4C2CCB5C760057C80E /* Base */ = {isa = PBXFileReference; lastKnownFileType = file.storyboard; name = Base; path = Base.lproj/Main.storyboard; sourceTree = "<group>"; };
		866C2D4F2CCB5C760057C80E /* MrSunshisjournal.xcdatamodel */ = {isa = PBXFileReference; lastKnownFileType = wrapper.xcdatamodel; path = MrSunshisjournal.xcdatamodel; sourceTree = "<group>"; };
		866C2D512CCB5C790057C80E /* Assets.xcassets */ = {isa = PBXFileReference; lastKnownFileType = folder.assetcatalog; path = Assets.xcassets; sourceTree = "<group>"; };
		866C2D542CCB5C790057C80E /* Base */ = {isa = PBXFileReference; lastKnownFileType = file.storyboard; name = Base; path = Base.lproj/LaunchScreen.storyboard; sourceTree = "<group>"; };
		866C2D562CCB5C790057C80E /* Info.plist */ = {isa = PBXFileReference; lastKnownFileType = text.plist.xml; path = Info.plist; sourceTree = "<group>"; };
		866C2D5D2CCB5CB70057C80E /* WebKit.framework */ = {isa = PBXFileReference; lastKnownFileType = wrapper.framework; name = WebKit.framework; path = System/Library/Frameworks/WebKit.framework; sourceTree = SDKROOT; };
		866C2D5F2CCB5CC60057C80E /* Network.framework */ = {isa = PBXFileReference; lastKnownFileType = wrapper.framework; name = Network.framework; path = System/Library/Frameworks/Network.framework; sourceTree = SDKROOT; };
		866C2D642CCB78950057C80E /* DataManager.swift */ = {isa = PBXFileReference; lastKnownFileType = sourcecode.swift; path = DataManager.swift; sourceTree = "<group>"; };
		866C2D662CCB9EC10057C80E /* SignInViewController.swift */ = {isa = PBXFileReference; lastKnownFileType = sourcecode.swift; path = SignInViewController.swift; sourceTree = "<group>"; };
		866C2D6A2CCB9FEF0057C80E /* SignUpViewController.swift */ = {isa = PBXFileReference; lastKnownFileType = sourcecode.swift; path = SignUpViewController.swift; sourceTree = "<group>"; };
		866C2D6C2CCBB2390057C80E /* CheckboxButton.swift */ = {isa = PBXFileReference; lastKnownFileType = sourcecode.swift; path = CheckboxButton.swift; sourceTree = "<group>"; };
		866C2D6E2CCBB6850057C80E /* CircularButton.swift */ = {isa = PBXFileReference; lastKnownFileType = sourcecode.swift; path = CircularButton.swift; sourceTree = "<group>"; };
		867FD5442D0A98E500F0590C /* ConfigMenuController.swift */ = {isa = PBXFileReference; lastKnownFileType = sourcecode.swift; path = ConfigMenuController.swift; sourceTree = "<group>"; };
		8686C07D2D015E3F00ADAF1F /* NotificationController.swift */ = {isa = PBXFileReference; lastKnownFileType = sourcecode.swift; path = NotificationController.swift; sourceTree = "<group>"; };
		8686C07F2D016CCC00ADAF1F /* UserConfigController.swift */ = {isa = PBXFileReference; lastKnownFileType = sourcecode.swift; path = UserConfigController.swift; sourceTree = "<group>"; };
		86D4CF012D12A15C00223EFC /* ConfigModels.swift */ = {isa = PBXFileReference; lastKnownFileType = sourcecode.swift; path = ConfigModels.swift; sourceTree = "<group>"; };
		86D4CF122D13A4A900223EFC /* es-419 */ = {isa = PBXFileReference; lastKnownFileType = text.plist.strings; name = "es-419"; path = "es-419.lproj/LaunchScreen.strings"; sourceTree = "<group>"; };
		86D4CF132D13A4A900223EFC /* es-419 */ = {isa = PBXFileReference; lastKnownFileType = text.plist.strings; name = "es-419"; path = "es-419.lproj/Main.strings"; sourceTree = "<group>"; };
		86D4CF152D13A4FF00223EFC /* en */ = {isa = PBXFileReference; lastKnownFileType = text.plist.strings; name = en; path = en.lproj/Localizable.strings; sourceTree = "<group>"; };
		86D4CF172D13A50600223EFC /* es-419 */ = {isa = PBXFileReference; lastKnownFileType = text.plist.strings; name = "es-419"; path = "es-419.lproj/Localizable.strings"; sourceTree = "<group>"; };
		86D4CF192D13D0DD00223EFC /* StringExtension.swift */ = {isa = PBXFileReference; lastKnownFileType = sourcecode.swift; path = StringExtension.swift; sourceTree = "<group>"; };
		86D4CF1D2D1402B200223EFC /* ConfigViewCell.swift */ = {isa = PBXFileReference; lastKnownFileType = sourcecode.swift; path = ConfigViewCell.swift; sourceTree = "<group>"; };
		86D4CF202D14119900223EFC /* PerfilController.swift */ = {isa = PBXFileReference; lastKnownFileType = sourcecode.swift; path = PerfilController.swift; sourceTree = "<group>"; };
		86D4CF222D15676200223EFC /* MrSunshineJournalController.swift */ = {isa = PBXFileReference; lastKnownFileType = sourcecode.swift; path = MrSunshineJournalController.swift; sourceTree = "<group>"; };
		86D4CF242D168B0C00223EFC /* PetsViewCell.swift */ = {isa = PBXFileReference; lastKnownFileType = sourcecode.swift; path = PetsViewCell.swift; sourceTree = "<group>"; };
		86D4D0042D18177000223EFC /* CoreData.framework */ = {isa = PBXFileReference; lastKnownFileType = wrapper.framework; name = CoreData.framework; path = System/Library/Frameworks/CoreData.framework; sourceTree = SDKROOT; };
		86D4D0552D18214A00223EFC /* JournalModel.xcdatamodel */ = {isa = PBXFileReference; lastKnownFileType = wrapper.xcdatamodel; path = JournalModel.xcdatamodel; sourceTree = "<group>"; };
/* End PBXFileReference section */

/* Begin PBXFrameworksBuildPhase section */
		866C2D3F2CCB5C750057C80E /* Frameworks */ = {
			isa = PBXFrameworksBuildPhase;
			buildActionMask = 2147483647;
			files = (
				866C2D5E2CCB5CB80057C80E /* WebKit.framework in Frameworks */,
				86D4D0052D18177100223EFC /* CoreData.framework in Frameworks */,
				86D4CF282D16B0EF00223EFC /* FSCalendar in Frameworks */,
				866C2D602CCB5CC70057C80E /* Network.framework in Frameworks */,
			);
			runOnlyForDeploymentPostprocessing = 0;
		};
/* End PBXFrameworksBuildPhase section */

/* Begin PBXGroup section */
		866C2D392CCB5C750057C80E = {
			isa = PBXGroup;
			children = (
				861CA7122D2639CC00506F15 /* Pethabitat+CoreDataClass.swift */,
				861CA7132D2639CC00506F15 /* Pethabitat+CoreDataProperties.swift */,
				861CA7142D2639CC00506F15 /* Petmascota+CoreDataClass.swift */,
				861CA7152D2639CC00506F15 /* Petmascota+CoreDataProperties.swift */,
				861CA7162D2639CC00506F15 /* Petnotification+CoreDataClass.swift */,
				861CA7172D2639CC00506F15 /* Petnotification+CoreDataProperties.swift */,
				861CA7182D2639CC00506F15 /* Petactividad+CoreDataClass.swift */,
				861CA7192D2639CC00506F15 /* Petactividad+CoreDataProperties.swift */,
				866C2D442CCB5C760057C80E /* MrSunshisjournal */,
				866C2D432CCB5C760057C80E /* Products */,
				866C2D5C2CCB5CB50057C80E /* Frameworks */,
			);
			sourceTree = "<group>";
		};
		866C2D432CCB5C760057C80E /* Products */ = {
			isa = PBXGroup;
			children = (
				866C2D422CCB5C760057C80E /* MrSunshisjournal.app */,
			);
			name = Products;
			sourceTree = "<group>";
		};
		866C2D442CCB5C760057C80E /* MrSunshisjournal */ = {
			isa = PBXGroup;
			children = (
				866C2D612CCB5CE90057C80E /* Controller */,
				866C2D632CCB5CFE0057C80E /* View */,
				866C2D622CCB5CF60057C80E /* Model */,
				86D4CF0D2D13A37B00223EFC /* Localization */,
				86D4CF182D13CFF900223EFC /* Extensions */,
				866C2D512CCB5C790057C80E /* Assets.xcassets */,
				866C2D562CCB5C790057C80E /* Info.plist */,
			);
			path = MrSunshisjournal;
			sourceTree = "<group>";
		};
		866C2D5C2CCB5CB50057C80E /* Frameworks */ = {
			isa = PBXGroup;
			children = (
				86D4D0042D18177000223EFC /* CoreData.framework */,
				866C2D5F2CCB5CC60057C80E /* Network.framework */,
				866C2D5D2CCB5CB70057C80E /* WebKit.framework */,
			);
			name = Frameworks;
			sourceTree = "<group>";
		};
		866C2D612CCB5CE90057C80E /* Controller */ = {
			isa = PBXGroup;
			children = (
				866C2D452CCB5C760057C80E /* AppDelegate.swift */,
				866C2D472CCB5C760057C80E /* SceneDelegate.swift */,
				866C2D642CCB78950057C80E /* DataManager.swift */,
				866C2D692CCB9EFB0057C80E /* VC */,
			);
			path = Controller;
			sourceTree = "<group>";
		};
		866C2D622CCB5CF60057C80E /* Model */ = {
			isa = PBXGroup;
			children = (
				86D4CF492D1804DE00223EFC /* CoreData */,
				866C2D4E2CCB5C760057C80E /* MrSunshisjournal.xcdatamodeld */,
				86D4CF012D12A15C00223EFC /* ConfigModels.swift */,
				86D4D0542D18214A00223EFC /* JournalModel.xcdatamodeld */,
			);
			path = Model;
			sourceTree = "<group>";
		};
		866C2D632CCB5CFE0057C80E /* View */ = {
			isa = PBXGroup;
			children = (
				866C2D532CCB5C790057C80E /* LaunchScreen.storyboard */,
				866C2D4B2CCB5C760057C80E /* Main.storyboard */,
				866C2D6E2CCBB6850057C80E /* CircularButton.swift */,
				866C2D6C2CCBB2390057C80E /* CheckboxButton.swift */,
				86D4CF1D2D1402B200223EFC /* ConfigViewCell.swift */,
				86D4CF242D168B0C00223EFC /* PetsViewCell.swift */,
			);
			path = View;
			sourceTree = "<group>";
		};
		866C2D692CCB9EFB0057C80E /* VC */ = {
			isa = PBXGroup;
			children = (
				866C2D492CCB5C760057C80E /* ViewController.swift */,
				866C2D662CCB9EC10057C80E /* SignInViewController.swift */,
				866C2D6A2CCB9FEF0057C80E /* SignUpViewController.swift */,
				8686C07D2D015E3F00ADAF1F /* NotificationController.swift */,
				8686C07F2D016CCC00ADAF1F /* UserConfigController.swift */,
				867FD5442D0A98E500F0590C /* ConfigMenuController.swift */,
				86D4CF1F2D140DE300223EFC /* ConfigControllers */,
				86D4CF222D15676200223EFC /* MrSunshineJournalController.swift */,
				861CA7242D26A9A400506F15 /* DiarioController.swift */,
			);
			path = VC;
			sourceTree = "<group>";
		};
		86D4CF0D2D13A37B00223EFC /* Localization */ = {
			isa = PBXGroup;
			children = (
				86D4CF162D13A4FF00223EFC /* Localizable.strings */,
			);
			path = Localization;
			sourceTree = "<group>";
		};
		86D4CF182D13CFF900223EFC /* Extensions */ = {
			isa = PBXGroup;
			children = (
				86D4CF192D13D0DD00223EFC /* StringExtension.swift */,
				861CA7222D26A1DB00506F15 /* ImageExtension.swift */,
			);
			path = Extensions;
			sourceTree = "<group>";
		};
		86D4CF1F2D140DE300223EFC /* ConfigControllers */ = {
			isa = PBXGroup;
			children = (
				86D4CF202D14119900223EFC /* PerfilController.swift */,
			);
			path = ConfigControllers;
			sourceTree = "<group>";
		};
		86D4CF492D1804DE00223EFC /* CoreData */ = {
			isa = PBXGroup;
			children = (
			);
			path = CoreData;
			sourceTree = "<group>";
		};
/* End PBXGroup section */

/* Begin PBXNativeTarget section */
		866C2D412CCB5C750057C80E /* MrSunshisjournal */ = {
			isa = PBXNativeTarget;
			buildConfigurationList = 866C2D592CCB5C790057C80E /* Build configuration list for PBXNativeTarget "MrSunshisjournal" */;
			buildPhases = (
				866C2D3E2CCB5C750057C80E /* Sources */,
				866C2D3F2CCB5C750057C80E /* Frameworks */,
				866C2D402CCB5C750057C80E /* Resources */,
			);
			buildRules = (
			);
			dependencies = (
			);
			name = MrSunshisjournal;
			packageProductDependencies = (
				86D4CF272D16B0EF00223EFC /* FSCalendar */,
			);
			productName = MrSunshisjournal;
			productReference = 866C2D422CCB5C760057C80E /* MrSunshisjournal.app */;
			productType = "com.apple.product-type.application";
		};
/* End PBXNativeTarget section */

/* Begin PBXProject section */
		866C2D3A2CCB5C750057C80E /* Project object */ = {
			isa = PBXProject;
			attributes = {
				BuildIndependentTargetsInParallel = 1;
				LastSwiftUpdateCheck = 1420;
				LastUpgradeCheck = 1420;
				TargetAttributes = {
					866C2D412CCB5C750057C80E = {
						CreatedOnToolsVersion = 14.2;
					};
				};
			};
			buildConfigurationList = 866C2D3D2CCB5C750057C80E /* Build configuration list for PBXProject "MrSunshisjournal" */;
			compatibilityVersion = "Xcode 14.0";
			developmentRegion = en;
			hasScannedForEncodings = 0;
			knownRegions = (
				en,
				Base,
				"es-419",
			);
			mainGroup = 866C2D392CCB5C750057C80E;
			packageReferences = (
				86D4CF262D16B0EF00223EFC /* XCRemoteSwiftPackageReference "FSCalendar" */,
			);
			productRefGroup = 866C2D432CCB5C760057C80E /* Products */;
			projectDirPath = "";
			projectRoot = "";
			targets = (
				866C2D412CCB5C750057C80E /* MrSunshisjournal */,
			);
		};
/* End PBXProject section */

/* Begin PBXResourcesBuildPhase section */
		866C2D402CCB5C750057C80E /* Resources */ = {
			isa = PBXResourcesBuildPhase;
			buildActionMask = 2147483647;
			files = (
				866C2D552CCB5C790057C80E /* LaunchScreen.storyboard in Resources */,
				86D4CF142D13A4FF00223EFC /* Localizable.strings in Resources */,
				866C2D522CCB5C790057C80E /* Assets.xcassets in Resources */,
				866C2D4D2CCB5C760057C80E /* Main.storyboard in Resources */,
			);
			runOnlyForDeploymentPostprocessing = 0;
		};
/* End PBXResourcesBuildPhase section */

/* Begin PBXSourcesBuildPhase section */
		866C2D3E2CCB5C750057C80E /* Sources */ = {
			isa = PBXSourcesBuildPhase;
			buildActionMask = 2147483647;
			files = (
				86D4CF1E2D1402B200223EFC /* ConfigViewCell.swift in Sources */,
				867FD5452D0A98E500F0590C /* ConfigMenuController.swift in Sources */,
				8686C0802D016CCC00ADAF1F /* UserConfigController.swift in Sources */,
				861CA7232D26A1DB00506F15 /* ImageExtension.swift in Sources */,
				8686C07E2D015E3F00ADAF1F /* NotificationController.swift in Sources */,
				866C2D502CCB5C760057C80E /* MrSunshisjournal.xcdatamodeld in Sources */,
				866C2D6B2CCB9FEF0057C80E /* SignUpViewController.swift in Sources */,
				866C2D6D2CCBB2390057C80E /* CheckboxButton.swift in Sources */,
				86D4CF212D14119900223EFC /* PerfilController.swift in Sources */,
				861CA71D2D2639CC00506F15 /* Petmascota+CoreDataProperties.swift in Sources */,
				866C2D652CCB78950057C80E /* DataManager.swift in Sources */,
				866C2D672CCB9EC10057C80E /* SignInViewController.swift in Sources */,
				86D4CF1A2D13D0DD00223EFC /* StringExtension.swift in Sources */,
				861CA71B2D2639CC00506F15 /* Pethabitat+CoreDataProperties.swift in Sources */,
				861CA71C2D2639CC00506F15 /* Petmascota+CoreDataClass.swift in Sources */,
				86D4D0562D18214A00223EFC /* JournalModel.xcdatamodeld in Sources */,
				861CA71F2D2639CC00506F15 /* Petnotification+CoreDataProperties.swift in Sources */,
				866C2D4A2CCB5C760057C80E /* ViewController.swift in Sources */,
				86D4CF252D168B0C00223EFC /* PetsViewCell.swift in Sources */,
				866C2D462CCB5C760057C80E /* AppDelegate.swift in Sources */,
				861CA71E2D2639CC00506F15 /* Petnotification+CoreDataClass.swift in Sources */,
				861CA7202D2639CC00506F15 /* Petactividad+CoreDataClass.swift in Sources */,
				861CA71A2D2639CC00506F15 /* Pethabitat+CoreDataClass.swift in Sources */,
				866C2D482CCB5C760057C80E /* SceneDelegate.swift in Sources */,
				86D4CF022D12A15C00223EFC /* ConfigModels.swift in Sources */,
				86D4CF232D15676200223EFC /* MrSunshineJournalController.swift in Sources */,
				861CA7212D2639CC00506F15 /* Petactividad+CoreDataProperties.swift in Sources */,
				866C2D6F2CCBB6850057C80E /* CircularButton.swift in Sources */,
				861CA7252D26A9A400506F15 /* DiarioController.swift in Sources */,
			);
			runOnlyForDeploymentPostprocessing = 0;
		};
/* End PBXSourcesBuildPhase section */

/* Begin PBXVariantGroup section */
		866C2D4B2CCB5C760057C80E /* Main.storyboard */ = {
			isa = PBXVariantGroup;
			children = (
				866C2D4C2CCB5C760057C80E /* Base */,
				86D4CF132D13A4A900223EFC /* es-419 */,
			);
			name = Main.storyboard;
			sourceTree = "<group>";
		};
		866C2D532CCB5C790057C80E /* LaunchScreen.storyboard */ = {
			isa = PBXVariantGroup;
			children = (
				866C2D542CCB5C790057C80E /* Base */,
				86D4CF122D13A4A900223EFC /* es-419 */,
			);
			name = LaunchScreen.storyboard;
			sourceTree = "<group>";
		};
		86D4CF162D13A4FF00223EFC /* Localizable.strings */ = {
			isa = PBXVariantGroup;
			children = (
				86D4CF152D13A4FF00223EFC /* en */,
				86D4CF172D13A50600223EFC /* es-419 */,
			);
			name = Localizable.strings;
			sourceTree = "<group>";
		};
/* End PBXVariantGroup section */

/* Begin XCBuildConfiguration section */
		866C2D572CCB5C790057C80E /* Debug */ = {
			isa = XCBuildConfiguration;
			buildSettings = {
				ALWAYS_SEARCH_USER_PATHS = NO;
				CLANG_ANALYZER_LOCALIZABILITY_NONLOCALIZED = YES;
				CLANG_ANALYZER_NONNULL = YES;
				CLANG_ANALYZER_NUMBER_OBJECT_CONVERSION = YES_AGGRESSIVE;
				CLANG_CXX_LANGUAGE_STANDARD = "gnu++20";
				CLANG_ENABLE_MODULES = YES;
				CLANG_ENABLE_OBJC_ARC = YES;
				CLANG_ENABLE_OBJC_WEAK = YES;
				CLANG_WARN_BLOCK_CAPTURE_AUTORELEASING = YES;
				CLANG_WARN_BOOL_CONVERSION = YES;
				CLANG_WARN_COMMA = YES;
				CLANG_WARN_CONSTANT_CONVERSION = YES;
				CLANG_WARN_DEPRECATED_OBJC_IMPLEMENTATIONS = YES;
				CLANG_WARN_DIRECT_OBJC_ISA_USAGE = YES_ERROR;
				CLANG_WARN_DOCUMENTATION_COMMENTS = YES;
				CLANG_WARN_EMPTY_BODY = YES;
				CLANG_WARN_ENUM_CONVERSION = YES;
				CLANG_WARN_INFINITE_RECURSION = YES;
				CLANG_WARN_INT_CONVERSION = YES;
				CLANG_WARN_NON_LITERAL_NULL_CONVERSION = YES;
				CLANG_WARN_OBJC_IMPLICIT_RETAIN_SELF = YES;
				CLANG_WARN_OBJC_LITERAL_CONVERSION = YES;
				CLANG_WARN_OBJC_ROOT_CLASS = YES_ERROR;
				CLANG_WARN_QUOTED_INCLUDE_IN_FRAMEWORK_HEADER = YES;
				CLANG_WARN_RANGE_LOOP_ANALYSIS = YES;
				CLANG_WARN_STRICT_PROTOTYPES = YES;
				CLANG_WARN_SUSPICIOUS_MOVE = YES;
				CLANG_WARN_UNGUARDED_AVAILABILITY = YES_AGGRESSIVE;
				CLANG_WARN_UNREACHABLE_CODE = YES;
				CLANG_WARN__DUPLICATE_METHOD_MATCH = YES;
				COPY_PHASE_STRIP = NO;
				DEBUG_INFORMATION_FORMAT = dwarf;
				ENABLE_STRICT_OBJC_MSGSEND = YES;
				ENABLE_TESTABILITY = YES;
				GCC_C_LANGUAGE_STANDARD = gnu11;
				GCC_DYNAMIC_NO_PIC = NO;
				GCC_NO_COMMON_BLOCKS = YES;
				GCC_OPTIMIZATION_LEVEL = 0;
				GCC_PREPROCESSOR_DEFINITIONS = (
					"DEBUG=1",
					"$(inherited)",
				);
				GCC_WARN_64_TO_32_BIT_CONVERSION = YES;
				GCC_WARN_ABOUT_RETURN_TYPE = YES_ERROR;
				GCC_WARN_UNDECLARED_SELECTOR = YES;
				GCC_WARN_UNINITIALIZED_AUTOS = YES_AGGRESSIVE;
				GCC_WARN_UNUSED_FUNCTION = YES;
				GCC_WARN_UNUSED_VARIABLE = YES;
				IPHONEOS_DEPLOYMENT_TARGET = 16.2;
				MTL_ENABLE_DEBUG_INFO = INCLUDE_SOURCE;
				MTL_FAST_MATH = YES;
				ONLY_ACTIVE_ARCH = YES;
				SDKROOT = iphoneos;
				SWIFT_ACTIVE_COMPILATION_CONDITIONS = DEBUG;
				SWIFT_OPTIMIZATION_LEVEL = "-Onone";
			};
			name = Debug;
		};
		866C2D582CCB5C790057C80E /* Release */ = {
			isa = XCBuildConfiguration;
			buildSettings = {
				ALWAYS_SEARCH_USER_PATHS = NO;
				CLANG_ANALYZER_LOCALIZABILITY_NONLOCALIZED = YES;
				CLANG_ANALYZER_NONNULL = YES;
				CLANG_ANALYZER_NUMBER_OBJECT_CONVERSION = YES_AGGRESSIVE;
				CLANG_CXX_LANGUAGE_STANDARD = "gnu++20";
				CLANG_ENABLE_MODULES = YES;
				CLANG_ENABLE_OBJC_ARC = YES;
				CLANG_ENABLE_OBJC_WEAK = YES;
				CLANG_WARN_BLOCK_CAPTURE_AUTORELEASING = YES;
				CLANG_WARN_BOOL_CONVERSION = YES;
				CLANG_WARN_COMMA = YES;
				CLANG_WARN_CONSTANT_CONVERSION = YES;
				CLANG_WARN_DEPRECATED_OBJC_IMPLEMENTATIONS = YES;
				CLANG_WARN_DIRECT_OBJC_ISA_USAGE = YES_ERROR;
				CLANG_WARN_DOCUMENTATION_COMMENTS = YES;
				CLANG_WARN_EMPTY_BODY = YES;
				CLANG_WARN_ENUM_CONVERSION = YES;
				CLANG_WARN_INFINITE_RECURSION = YES;
				CLANG_WARN_INT_CONVERSION = YES;
				CLANG_WARN_NON_LITERAL_NULL_CONVERSION = YES;
				CLANG_WARN_OBJC_IMPLICIT_RETAIN_SELF = YES;
				CLANG_WARN_OBJC_LITERAL_CONVERSION = YES;
				CLANG_WARN_OBJC_ROOT_CLASS = YES_ERROR;
				CLANG_WARN_QUOTED_INCLUDE_IN_FRAMEWORK_HEADER = YES;
				CLANG_WARN_RANGE_LOOP_ANALYSIS = YES;
				CLANG_WARN_STRICT_PROTOTYPES = YES;
				CLANG_WARN_SUSPICIOUS_MOVE = YES;
				CLANG_WARN_UNGUARDED_AVAILABILITY = YES_AGGRESSIVE;
				CLANG_WARN_UNREACHABLE_CODE = YES;
				CLANG_WARN__DUPLICATE_METHOD_MATCH = YES;
				COPY_PHASE_STRIP = NO;
				DEBUG_INFORMATION_FORMAT = "dwarf-with-dsym";
				ENABLE_NS_ASSERTIONS = NO;
				ENABLE_STRICT_OBJC_MSGSEND = YES;
				GCC_C_LANGUAGE_STANDARD = gnu11;
				GCC_NO_COMMON_BLOCKS = YES;
				GCC_WARN_64_TO_32_BIT_CONVERSION = YES;
				GCC_WARN_ABOUT_RETURN_TYPE = YES_ERROR;
				GCC_WARN_UNDECLARED_SELECTOR = YES;
				GCC_WARN_UNINITIALIZED_AUTOS = YES_AGGRESSIVE;
				GCC_WARN_UNUSED_FUNCTION = YES;
				GCC_WARN_UNUSED_VARIABLE = YES;
				IPHONEOS_DEPLOYMENT_TARGET = 16.2;
				MTL_ENABLE_DEBUG_INFO = NO;
				MTL_FAST_MATH = YES;
				SDKROOT = iphoneos;
				SWIFT_COMPILATION_MODE = wholemodule;
				SWIFT_OPTIMIZATION_LEVEL = "-O";
				VALIDATE_PRODUCT = YES;
			};
			name = Release;
		};
		866C2D5A2CCB5C790057C80E /* Debug */ = {
			isa = XCBuildConfiguration;
			buildSettings = {
				ASSETCATALOG_COMPILER_APPICON_NAME = AppIcon;
				ASSETCATALOG_COMPILER_GLOBAL_ACCENT_COLOR_NAME = AccentColor;
				CODE_SIGN_STYLE = Automatic;
				CURRENT_PROJECT_VERSION = 1;
				DEVELOPMENT_TEAM = VX96HPJ359;
				GENERATE_INFOPLIST_FILE = YES;
				INFOPLIST_FILE = MrSunshisjournal/Info.plist;
				INFOPLIST_KEY_CFBundleDisplayName = MrSunshisjournal;
				INFOPLIST_KEY_UIApplicationSupportsIndirectInputEvents = YES;
				INFOPLIST_KEY_UILaunchStoryboardName = LaunchScreen;
				INFOPLIST_KEY_UIMainStoryboardFile = Main;
				INFOPLIST_KEY_UIStatusBarStyle = "";
				INFOPLIST_KEY_UISupportedInterfaceOrientations = UIInterfaceOrientationPortrait;
				INFOPLIST_KEY_UISupportedInterfaceOrientations_iPad = "UIInterfaceOrientationLandscapeLeft UIInterfaceOrientationLandscapeRight UIInterfaceOrientationPortrait UIInterfaceOrientationPortraitUpsideDown";
				LD_RUNPATH_SEARCH_PATHS = (
					"$(inherited)",
					"@executable_path/Frameworks",
				);
				MARKETING_VERSION = 1.0;
				PRODUCT_BUNDLE_IDENTIFIER = com.developer.HelloIOS.juan.MrSunshisjournal;
				PRODUCT_NAME = "$(TARGET_NAME)";
				SUPPORTED_PLATFORMS = "iphoneos iphonesimulator";
				SUPPORTS_MACCATALYST = NO;
				SUPPORTS_MAC_DESIGNED_FOR_IPHONE_IPAD = NO;
				SWIFT_EMIT_LOC_STRINGS = YES;
				SWIFT_VERSION = 5.0;
				TARGETED_DEVICE_FAMILY = 1;
			};
			name = Debug;
		};
		866C2D5B2CCB5C790057C80E /* Release */ = {
			isa = XCBuildConfiguration;
			buildSettings = {
				ASSETCATALOG_COMPILER_APPICON_NAME = AppIcon;
				ASSETCATALOG_COMPILER_GLOBAL_ACCENT_COLOR_NAME = AccentColor;
				CODE_SIGN_STYLE = Automatic;
				CURRENT_PROJECT_VERSION = 1;
				DEVELOPMENT_TEAM = VX96HPJ359;
				GENERATE_INFOPLIST_FILE = YES;
				INFOPLIST_FILE = MrSunshisjournal/Info.plist;
				INFOPLIST_KEY_CFBundleDisplayName = MrSunshisjournal;
				INFOPLIST_KEY_UIApplicationSupportsIndirectInputEvents = YES;
				INFOPLIST_KEY_UILaunchStoryboardName = LaunchScreen;
				INFOPLIST_KEY_UIMainStoryboardFile = Main;
				INFOPLIST_KEY_UIStatusBarStyle = "";
				INFOPLIST_KEY_UISupportedInterfaceOrientations = UIInterfaceOrientationPortrait;
				INFOPLIST_KEY_UISupportedInterfaceOrientations_iPad = "UIInterfaceOrientationLandscapeLeft UIInterfaceOrientationLandscapeRight UIInterfaceOrientationPortrait UIInterfaceOrientationPortraitUpsideDown";
				LD_RUNPATH_SEARCH_PATHS = (
					"$(inherited)",
					"@executable_path/Frameworks",
				);
				MARKETING_VERSION = 1.0;
				PRODUCT_BUNDLE_IDENTIFIER = com.developer.HelloIOS.juan.MrSunshisjournal;
				PRODUCT_NAME = "$(TARGET_NAME)";
				SUPPORTED_PLATFORMS = "iphoneos iphonesimulator";
				SUPPORTS_MACCATALYST = NO;
				SUPPORTS_MAC_DESIGNED_FOR_IPHONE_IPAD = NO;
				SWIFT_EMIT_LOC_STRINGS = YES;
				SWIFT_VERSION = 5.0;
				TARGETED_DEVICE_FAMILY = 1;
			};
			name = Release;
		};
/* End XCBuildConfiguration section */

/* Begin XCConfigurationList section */
		866C2D3D2CCB5C750057C80E /* Build configuration list for PBXProject "MrSunshisjournal" */ = {
			isa = XCConfigurationList;
			buildConfigurations = (
				866C2D572CCB5C790057C80E /* Debug */,
				866C2D582CCB5C790057C80E /* Release */,
			);
			defaultConfigurationIsVisible = 0;
			defaultConfigurationName = Release;
		};
		866C2D592CCB5C790057C80E /* Build configuration list for PBXNativeTarget "MrSunshisjournal" */ = {
			isa = XCConfigurationList;
			buildConfigurations = (
				866C2D5A2CCB5C790057C80E /* Debug */,
				866C2D5B2CCB5C790057C80E /* Release */,
			);
			defaultConfigurationIsVisible = 0;
			defaultConfigurationName = Release;
		};
/* End XCConfigurationList section */

/* Begin XCRemoteSwiftPackageReference section */
		86D4CF262D16B0EF00223EFC /* XCRemoteSwiftPackageReference "FSCalendar" */ = {
			isa = XCRemoteSwiftPackageReference;
			repositoryURL = "https://github.com/WenchaoD/FSCalendar";
			requirement = {
				kind = upToNextMajorVersion;
				minimumVersion = 2.0.0;
			};
		};
/* End XCRemoteSwiftPackageReference section */

/* Begin XCSwiftPackageProductDependency section */
		86D4CF272D16B0EF00223EFC /* FSCalendar */ = {
			isa = XCSwiftPackageProductDependency;
			package = 86D4CF262D16B0EF00223EFC /* XCRemoteSwiftPackageReference "FSCalendar" */;
			productName = FSCalendar;
		};
/* End XCSwiftPackageProductDependency section */

/* Begin XCVersionGroup section */
		866C2D4E2CCB5C760057C80E /* MrSunshisjournal.xcdatamodeld */ = {
			isa = XCVersionGroup;
			children = (
				866C2D4F2CCB5C760057C80E /* MrSunshisjournal.xcdatamodel */,
			);
			currentVersion = 866C2D4F2CCB5C760057C80E /* MrSunshisjournal.xcdatamodel */;
			path = MrSunshisjournal.xcdatamodeld;
			sourceTree = "<group>";
			versionGroupType = wrapper.xcdatamodel;
		};
		86D4D0542D18214A00223EFC /* JournalModel.xcdatamodeld */ = {
			isa = XCVersionGroup;
			children = (
				86D4D0552D18214A00223EFC /* JournalModel.xcdatamodel */,
			);
			currentVersion = 86D4D0552D18214A00223EFC /* JournalModel.xcdatamodel */;
			path = JournalModel.xcdatamodeld;
			sourceTree = "<group>";
			versionGroupType = wrapper.xcdatamodel;
		};
/* End XCVersionGroup section */
	};
	rootObject = 866C2D3A2CCB5C750057C80E /* Project object */;
}
